// !$*UTF8*$!
{
	archiveVersion = 1;
	classes = {
	};
	objectVersion = 56;
	objects = {

/* Begin PBXBuildFile section */
		0E1410E82918D63E0040BD85 /* AppDelegate.swift in Sources */ = {isa = PBXBuildFile; fileRef = 0E1410E72918D63E0040BD85 /* AppDelegate.swift */; };
		0E1410EA2918D63E0040BD85 /* SceneDelegate.swift in Sources */ = {isa = PBXBuildFile; fileRef = 0E1410E92918D63E0040BD85 /* SceneDelegate.swift */; };
		0E1410EC2918D63E0040BD85 /* ViewController.swift in Sources */ = {isa = PBXBuildFile; fileRef = 0E1410EB2918D63E0040BD85 /* ViewController.swift */; };
		0E1410EF2918D63E0040BD85 /* Main.storyboard in Resources */ = {isa = PBXBuildFile; fileRef = 0E1410ED2918D63E0040BD85 /* Main.storyboard */; };
		0E1410F12918D6400040BD85 /* Assets.xcassets in Resources */ = {isa = PBXBuildFile; fileRef = 0E1410F02918D6400040BD85 /* Assets.xcassets */; };
		0E1410F42918D6400040BD85 /* LaunchScreen.storyboard in Resources */ = {isa = PBXBuildFile; fileRef = 0E1410F22918D6400040BD85 /* LaunchScreen.storyboard */; };
		0E1411032918DD7C0040BD85 /* Constants.swift in Sources */ = {isa = PBXBuildFile; fileRef = 0E1411022918DD7C0040BD85 /* Constants.swift */; };
		0E1411052918DD9A0040BD85 /* ColorPalette.swift in Sources */ = {isa = PBXBuildFile; fileRef = 0E1411042918DD9A0040BD85 /* ColorPalette.swift */; };
		0E1411072918EBF90040BD85 /* ReusableProtocol.swift in Sources */ = {isa = PBXBuildFile; fileRef = 0E1411062918EBF90040BD85 /* ReusableProtocol.swift */; };
		0E1411092918EC530040BD85 /* Image.swift in Sources */ = {isa = PBXBuildFile; fileRef = 0E1411082918EC530040BD85 /* Image.swift */; };
		0E4F62F0291C248300F36167 /* Transition+Extension.swift in Sources */ = {isa = PBXBuildFile; fileRef = 0E4F62EF291C248300F36167 /* Transition+Extension.swift */; };
		0E4F62F3291C276500F36167 /* RxCocoa in Frameworks */ = {isa = PBXBuildFile; productRef = 0E4F62F2291C276500F36167 /* RxCocoa */; };
		0E4F62F5291C276500F36167 /* RxRelay in Frameworks */ = {isa = PBXBuildFile; productRef = 0E4F62F4291C276500F36167 /* RxRelay */; };
		0E4F62F7291C276500F36167 /* RxSwift in Frameworks */ = {isa = PBXBuildFile; productRef = 0E4F62F6291C276500F36167 /* RxSwift */; };
		0E4F62F9291C2A9500F36167 /* LoginView.swift in Sources */ = {isa = PBXBuildFile; fileRef = 0E4F62F8291C2A9500F36167 /* LoginView.swift */; };
		0E4F62FB291C2C6600F36167 /* UIButton+Extension.swift in Sources */ = {isa = PBXBuildFile; fileRef = 0E4F62FA291C2C6600F36167 /* UIButton+Extension.swift */; };
		0E5095852918F1C90038B429 /* FirstViewController.swift in Sources */ = {isa = PBXBuildFile; fileRef = 0E5095842918F1C90038B429 /* FirstViewController.swift */; };
		0E5095882918F27F0038B429 /* BaseViewController.swift in Sources */ = {isa = PBXBuildFile; fileRef = 0E5095872918F27F0038B429 /* BaseViewController.swift */; };
		0E50958A2918F4CC0038B429 /* BaseView.swift in Sources */ = {isa = PBXBuildFile; fileRef = 0E5095892918F4CC0038B429 /* BaseView.swift */; };
		0E50958D2918F4F00038B429 /* SnapKit in Frameworks */ = {isa = PBXBuildFile; productRef = 0E50958C2918F4F00038B429 /* SnapKit */; };
		0E50958F2918F5150038B429 /* BaseTableViewCell.swift in Sources */ = {isa = PBXBuildFile; fileRef = 0E50958E2918F5150038B429 /* BaseTableViewCell.swift */; };
		0E5095912918F5C50038B429 /* BaseCollectionViewCell.swift in Sources */ = {isa = PBXBuildFile; fileRef = 0E5095902918F5C50038B429 /* BaseCollectionViewCell.swift */; };
		0E5095932918F6B40038B429 /* SecondViewController.swift in Sources */ = {isa = PBXBuildFile; fileRef = 0E5095922918F6B40038B429 /* SecondViewController.swift */; };
		0E5095952918F6BD0038B429 /* ThirdViewController.swift in Sources */ = {isa = PBXBuildFile; fileRef = 0E5095942918F6BD0038B429 /* ThirdViewController.swift */; };
		0E5095BA291A330A0038B429 /* .gitignore in Resources */ = {isa = PBXBuildFile; fileRef = 0E5095B9291A330A0038B429 /* .gitignore */; };
		0E5095BD291A3F390038B429 /* NotoSansCJKkr-Regular.otf in Resources */ = {isa = PBXBuildFile; fileRef = 0E5095BB291A3F390038B429 /* NotoSansCJKkr-Regular.otf */; };
		0E5095BE291A3F390038B429 /* NotoSansCJKkr-Medium.otf in Resources */ = {isa = PBXBuildFile; fileRef = 0E5095BC291A3F390038B429 /* NotoSansCJKkr-Medium.otf */; };
		0E5095C0291A432F0038B429 /* Dongle-Regular.ttf in Resources */ = {isa = PBXBuildFile; fileRef = 0E5095BF291A432F0038B429 /* Dongle-Regular.ttf */; };
		0E5095C2291A48740038B429 /* CustomFonts.swift in Sources */ = {isa = PBXBuildFile; fileRef = 0E5095C1291A48740038B429 /* CustomFonts.swift */; };
		0E5095C4291A591A0038B429 /* OnBoardingViewController.swift in Sources */ = {isa = PBXBuildFile; fileRef = 0E5095C3291A59190038B429 /* OnBoardingViewController.swift */; };
		0E5095C9291AA6720038B429 /* LoginViewController.swift in Sources */ = {isa = PBXBuildFile; fileRef = 0E5095C8291AA6720038B429 /* LoginViewController.swift */; };
		0E5095CB291AA8BD0038B429 /* SplashView.swift in Sources */ = {isa = PBXBuildFile; fileRef = 0E5095CA291AA8BD0038B429 /* SplashView.swift */; };
		0E5095CE291AAE380038B429 /* SplashContent.swift in Sources */ = {isa = PBXBuildFile; fileRef = 0E5095CD291AAE380038B429 /* SplashContent.swift */; };
/* End PBXBuildFile section */

/* Begin PBXFileReference section */
		0E1410E42918D63E0040BD85 /* SeSACStudyRecruitSLP.app */ = {isa = PBXFileReference; explicitFileType = wrapper.application; includeInIndex = 0; path = SeSACStudyRecruitSLP.app; sourceTree = BUILT_PRODUCTS_DIR; };
		0E1410E72918D63E0040BD85 /* AppDelegate.swift */ = {isa = PBXFileReference; lastKnownFileType = sourcecode.swift; path = AppDelegate.swift; sourceTree = "<group>"; };
		0E1410E92918D63E0040BD85 /* SceneDelegate.swift */ = {isa = PBXFileReference; lastKnownFileType = sourcecode.swift; path = SceneDelegate.swift; sourceTree = "<group>"; };
		0E1410EB2918D63E0040BD85 /* ViewController.swift */ = {isa = PBXFileReference; lastKnownFileType = sourcecode.swift; path = ViewController.swift; sourceTree = "<group>"; };
		0E1410EE2918D63E0040BD85 /* Base */ = {isa = PBXFileReference; lastKnownFileType = file.storyboard; name = Base; path = Base.lproj/Main.storyboard; sourceTree = "<group>"; };
		0E1410F02918D6400040BD85 /* Assets.xcassets */ = {isa = PBXFileReference; lastKnownFileType = folder.assetcatalog; path = Assets.xcassets; sourceTree = "<group>"; };
		0E1410F32918D6400040BD85 /* Base */ = {isa = PBXFileReference; lastKnownFileType = file.storyboard; name = Base; path = Base.lproj/LaunchScreen.storyboard; sourceTree = "<group>"; };
		0E1410F52918D6400040BD85 /* Info.plist */ = {isa = PBXFileReference; lastKnownFileType = text.plist.xml; path = Info.plist; sourceTree = "<group>"; };
		0E1411022918DD7C0040BD85 /* Constants.swift */ = {isa = PBXFileReference; lastKnownFileType = sourcecode.swift; path = Constants.swift; sourceTree = "<group>"; };
		0E1411042918DD9A0040BD85 /* ColorPalette.swift */ = {isa = PBXFileReference; lastKnownFileType = sourcecode.swift; path = ColorPalette.swift; sourceTree = "<group>"; };
		0E1411062918EBF90040BD85 /* ReusableProtocol.swift */ = {isa = PBXFileReference; lastKnownFileType = sourcecode.swift; path = ReusableProtocol.swift; sourceTree = "<group>"; };
		0E1411082918EC530040BD85 /* Image.swift */ = {isa = PBXFileReference; lastKnownFileType = sourcecode.swift; path = Image.swift; sourceTree = "<group>"; };
		0E4F62EF291C248300F36167 /* Transition+Extension.swift */ = {isa = PBXFileReference; lastKnownFileType = sourcecode.swift; path = "Transition+Extension.swift"; sourceTree = "<group>"; };
		0E4F62F8291C2A9500F36167 /* LoginView.swift */ = {isa = PBXFileReference; lastKnownFileType = sourcecode.swift; path = LoginView.swift; sourceTree = "<group>"; };
		0E4F62FA291C2C6600F36167 /* UIButton+Extension.swift */ = {isa = PBXFileReference; lastKnownFileType = sourcecode.swift; path = "UIButton+Extension.swift"; sourceTree = "<group>"; };
		0E5095842918F1C90038B429 /* FirstViewController.swift */ = {isa = PBXFileReference; lastKnownFileType = sourcecode.swift; path = FirstViewController.swift; sourceTree = "<group>"; };
		0E5095872918F27F0038B429 /* BaseViewController.swift */ = {isa = PBXFileReference; lastKnownFileType = sourcecode.swift; path = BaseViewController.swift; sourceTree = "<group>"; };
		0E5095892918F4CC0038B429 /* BaseView.swift */ = {isa = PBXFileReference; lastKnownFileType = sourcecode.swift; path = BaseView.swift; sourceTree = "<group>"; };
		0E50958E2918F5150038B429 /* BaseTableViewCell.swift */ = {isa = PBXFileReference; lastKnownFileType = sourcecode.swift; path = BaseTableViewCell.swift; sourceTree = "<group>"; };
		0E5095902918F5C50038B429 /* BaseCollectionViewCell.swift */ = {isa = PBXFileReference; lastKnownFileType = sourcecode.swift; path = BaseCollectionViewCell.swift; sourceTree = "<group>"; };
		0E5095922918F6B40038B429 /* SecondViewController.swift */ = {isa = PBXFileReference; lastKnownFileType = sourcecode.swift; path = SecondViewController.swift; sourceTree = "<group>"; };
		0E5095942918F6BD0038B429 /* ThirdViewController.swift */ = {isa = PBXFileReference; lastKnownFileType = sourcecode.swift; path = ThirdViewController.swift; sourceTree = "<group>"; };
		0E5095B9291A330A0038B429 /* .gitignore */ = {isa = PBXFileReference; lastKnownFileType = text; path = .gitignore; sourceTree = "<group>"; };
		0E5095BB291A3F390038B429 /* NotoSansCJKkr-Regular.otf */ = {isa = PBXFileReference; lastKnownFileType = file; path = "NotoSansCJKkr-Regular.otf"; sourceTree = "<group>"; };
		0E5095BC291A3F390038B429 /* NotoSansCJKkr-Medium.otf */ = {isa = PBXFileReference; lastKnownFileType = file; path = "NotoSansCJKkr-Medium.otf"; sourceTree = "<group>"; };
		0E5095BF291A432F0038B429 /* Dongle-Regular.ttf */ = {isa = PBXFileReference; lastKnownFileType = file; path = "Dongle-Regular.ttf"; sourceTree = "<group>"; };
		0E5095C1291A48740038B429 /* CustomFonts.swift */ = {isa = PBXFileReference; lastKnownFileType = sourcecode.swift; path = CustomFonts.swift; sourceTree = "<group>"; };
		0E5095C3291A59190038B429 /* OnBoardingViewController.swift */ = {isa = PBXFileReference; lastKnownFileType = sourcecode.swift; path = OnBoardingViewController.swift; sourceTree = "<group>"; };
		0E5095C8291AA6720038B429 /* LoginViewController.swift */ = {isa = PBXFileReference; lastKnownFileType = sourcecode.swift; path = LoginViewController.swift; sourceTree = "<group>"; };
		0E5095CA291AA8BD0038B429 /* SplashView.swift */ = {isa = PBXFileReference; lastKnownFileType = sourcecode.swift; path = SplashView.swift; sourceTree = "<group>"; };
		0E5095CD291AAE380038B429 /* SplashContent.swift */ = {isa = PBXFileReference; lastKnownFileType = sourcecode.swift; path = SplashContent.swift; sourceTree = "<group>"; };
/* End PBXFileReference section */

/* Begin PBXFrameworksBuildPhase section */
		0E1410E12918D63E0040BD85 /* Frameworks */ = {
			isa = PBXFrameworksBuildPhase;
			buildActionMask = 2147483647;
			files = (
				0E4F62F5291C276500F36167 /* RxRelay in Frameworks */,
				0E4F62F3291C276500F36167 /* RxCocoa in Frameworks */,
				0E4F62F7291C276500F36167 /* RxSwift in Frameworks */,
				0E50958D2918F4F00038B429 /* SnapKit in Frameworks */,
			);
			runOnlyForDeploymentPostprocessing = 0;
		};
/* End PBXFrameworksBuildPhase section */

/* Begin PBXGroup section */
		0E1410DB2918D63E0040BD85 = {
			isa = PBXGroup;
			children = (
				0E5095B9291A330A0038B429 /* .gitignore */,
				0E1410E62918D63E0040BD85 /* SeSACStudyRecruitSLP */,
				0E1410E52918D63E0040BD85 /* Products */,
			);
			sourceTree = "<group>";
		};
		0E1410E52918D63E0040BD85 /* Products */ = {
			isa = PBXGroup;
			children = (
				0E1410E42918D63E0040BD85 /* SeSACStudyRecruitSLP.app */,
			);
			name = Products;
			sourceTree = "<group>";
		};
		0E1410E62918D63E0040BD85 /* SeSACStudyRecruitSLP */ = {
			isa = PBXGroup;
			children = (
				0E1410E72918D63E0040BD85 /* AppDelegate.swift */,
				0E1410E92918D63E0040BD85 /* SceneDelegate.swift */,
				0E1410EB2918D63E0040BD85 /* ViewController.swift */,
				0E1410ED2918D63E0040BD85 /* Main.storyboard */,
				0E1410F22918D6400040BD85 /* LaunchScreen.storyboard */,
				0E5095BC291A3F390038B429 /* NotoSansCJKkr-Medium.otf */,
				0E5095BB291A3F390038B429 /* NotoSansCJKkr-Regular.otf */,
				0E5095BF291A432F0038B429 /* Dongle-Regular.ttf */,
				0E1410F02918D6400040BD85 /* Assets.xcassets */,
				0E1410F52918D6400040BD85 /* Info.plist */,
				0E1410FD2918D6F10040BD85 /* Key */,
				0E5095CC291AAD690038B429 /* Data */,
				0E1410FE2918DC6E0040BD85 /* Extensions */,
				0E1410FB2918D6E00040BD85 /* Utility */,
				0E1410FC2918D6E90040BD85 /* Scene */,
			);
			path = SeSACStudyRecruitSLP;
			sourceTree = "<group>";
		};
		0E1410FB2918D6E00040BD85 /* Utility */ = {
			isa = PBXGroup;
			children = (
				0E1411062918EBF90040BD85 /* ReusableProtocol.swift */,
				0E1411042918DD9A0040BD85 /* ColorPalette.swift */,
				0E5095C1291A48740038B429 /* CustomFonts.swift */,
				0E1411012918DD4F0040BD85 /* Constants */,
				0E5095862918F2530038B429 /* BaseView */,
			);
			path = Utility;
			sourceTree = "<group>";
		};
		0E1410FC2918D6E90040BD85 /* Scene */ = {
			isa = PBXGroup;
			children = (
				0E14110A2918EF1D0040BD85 /* WalkThrough */,
				0E4F62FC291C31E500F36167 /* Login */,
			);
			path = Scene;
			sourceTree = "<group>";
		};
		0E1410FD2918D6F10040BD85 /* Key */ = {
			isa = PBXGroup;
			children = (
			);
			path = Key;
			sourceTree = "<group>";
		};
		0E1410FE2918DC6E0040BD85 /* Extensions */ = {
			isa = PBXGroup;
			children = (
				0E4F62EF291C248300F36167 /* Transition+Extension.swift */,
				0E4F62FA291C2C6600F36167 /* UIButton+Extension.swift */,
			);
			path = Extensions;
			sourceTree = "<group>";
		};
		0E1411012918DD4F0040BD85 /* Constants */ = {
			isa = PBXGroup;
			children = (
				0E1411022918DD7C0040BD85 /* Constants.swift */,
				0E1411082918EC530040BD85 /* Image.swift */,
			);
			path = Constants;
			sourceTree = "<group>";
		};
		0E14110A2918EF1D0040BD85 /* WalkThrough */ = {
			isa = PBXGroup;
			children = (
				0E5095C3291A59190038B429 /* OnBoardingViewController.swift */,
				0E5095842918F1C90038B429 /* FirstViewController.swift */,
				0E5095922918F6B40038B429 /* SecondViewController.swift */,
				0E5095942918F6BD0038B429 /* ThirdViewController.swift */,
				0E5095CA291AA8BD0038B429 /* SplashView.swift */,
			);
			path = WalkThrough;
			sourceTree = "<group>";
		};
		0E4F62FC291C31E500F36167 /* Login */ = {
			isa = PBXGroup;
			children = (
				0E5095C8291AA6720038B429 /* LoginViewController.swift */,
				0E4F62F8291C2A9500F36167 /* LoginView.swift */,
			);
			path = Login;
			sourceTree = "<group>";
		};
		0E5095862918F2530038B429 /* BaseView */ = {
			isa = PBXGroup;
			children = (
				0E5095872918F27F0038B429 /* BaseViewController.swift */,
				0E5095892918F4CC0038B429 /* BaseView.swift */,
				0E50958E2918F5150038B429 /* BaseTableViewCell.swift */,
				0E5095902918F5C50038B429 /* BaseCollectionViewCell.swift */,
			);
			path = BaseView;
			sourceTree = "<group>";
		};
		0E5095CC291AAD690038B429 /* Data */ = {
			isa = PBXGroup;
			children = (
				0E5095CD291AAE380038B429 /* SplashContent.swift */,
			);
			path = Data;
			sourceTree = "<group>";
		};
/* End PBXGroup section */

/* Begin PBXNativeTarget section */
		0E1410E32918D63E0040BD85 /* SeSACStudyRecruitSLP */ = {
			isa = PBXNativeTarget;
			buildConfigurationList = 0E1410F82918D6400040BD85 /* Build configuration list for PBXNativeTarget "SeSACStudyRecruitSLP" */;
			buildPhases = (
				0E1410E02918D63E0040BD85 /* Sources */,
				0E1410E12918D63E0040BD85 /* Frameworks */,
				0E1410E22918D63E0040BD85 /* Resources */,
			);
			buildRules = (
			);
			dependencies = (
			);
			name = SeSACStudyRecruitSLP;
			packageProductDependencies = (
				0E50958C2918F4F00038B429 /* SnapKit */,
				0E4F62F2291C276500F36167 /* RxCocoa */,
				0E4F62F4291C276500F36167 /* RxRelay */,
				0E4F62F6291C276500F36167 /* RxSwift */,
			);
			productName = SeSACStudyRecruitSLP;
			productReference = 0E1410E42918D63E0040BD85 /* SeSACStudyRecruitSLP.app */;
			productType = "com.apple.product-type.application";
		};
/* End PBXNativeTarget section */

/* Begin PBXProject section */
		0E1410DC2918D63E0040BD85 /* Project object */ = {
			isa = PBXProject;
			attributes = {
				BuildIndependentTargetsInParallel = 1;
				LastSwiftUpdateCheck = 1410;
				LastUpgradeCheck = 1410;
				TargetAttributes = {
					0E1410E32918D63E0040BD85 = {
						CreatedOnToolsVersion = 14.1;
					};
				};
			};
			buildConfigurationList = 0E1410DF2918D63E0040BD85 /* Build configuration list for PBXProject "SeSACStudyRecruitSLP" */;
			compatibilityVersion = "Xcode 14.0";
			developmentRegion = en;
			hasScannedForEncodings = 0;
			knownRegions = (
				en,
				Base,
			);
			mainGroup = 0E1410DB2918D63E0040BD85;
			packageReferences = (
				0E50958B2918F4F00038B429 /* XCRemoteSwiftPackageReference "SnapKit" */,
				0E4F62F1291C276500F36167 /* XCRemoteSwiftPackageReference "RxSwift" */,
			);
			productRefGroup = 0E1410E52918D63E0040BD85 /* Products */;
			projectDirPath = "";
			projectRoot = "";
			targets = (
				0E1410E32918D63E0040BD85 /* SeSACStudyRecruitSLP */,
			);
		};
/* End PBXProject section */

/* Begin PBXResourcesBuildPhase section */
		0E1410E22918D63E0040BD85 /* Resources */ = {
			isa = PBXResourcesBuildPhase;
			buildActionMask = 2147483647;
			files = (
				0E5095BD291A3F390038B429 /* NotoSansCJKkr-Regular.otf in Resources */,
				0E5095BA291A330A0038B429 /* .gitignore in Resources */,
				0E5095C0291A432F0038B429 /* Dongle-Regular.ttf in Resources */,
				0E1410F42918D6400040BD85 /* LaunchScreen.storyboard in Resources */,
				0E1410F12918D6400040BD85 /* Assets.xcassets in Resources */,
				0E1410EF2918D63E0040BD85 /* Main.storyboard in Resources */,
				0E5095BE291A3F390038B429 /* NotoSansCJKkr-Medium.otf in Resources */,
			);
			runOnlyForDeploymentPostprocessing = 0;
		};
/* End PBXResourcesBuildPhase section */

/* Begin PBXSourcesBuildPhase section */
		0E1410E02918D63E0040BD85 /* Sources */ = {
			isa = PBXSourcesBuildPhase;
			buildActionMask = 2147483647;
			files = (
				0E5095852918F1C90038B429 /* FirstViewController.swift in Sources */,
				0E5095C2291A48740038B429 /* CustomFonts.swift in Sources */,
				0E1411092918EC530040BD85 /* Image.swift in Sources */,
				0E4F62FB291C2C6600F36167 /* UIButton+Extension.swift in Sources */,
				0E1411032918DD7C0040BD85 /* Constants.swift in Sources */,
				0E4F62F0291C248300F36167 /* Transition+Extension.swift in Sources */,
				0E5095932918F6B40038B429 /* SecondViewController.swift in Sources */,
				0E50958F2918F5150038B429 /* BaseTableViewCell.swift in Sources */,
				0E1410EC2918D63E0040BD85 /* ViewController.swift in Sources */,
				0E5095952918F6BD0038B429 /* ThirdViewController.swift in Sources */,
				0E5095882918F27F0038B429 /* BaseViewController.swift in Sources */,
				0E1411072918EBF90040BD85 /* ReusableProtocol.swift in Sources */,
				0E1410E82918D63E0040BD85 /* AppDelegate.swift in Sources */,
				0E1410EA2918D63E0040BD85 /* SceneDelegate.swift in Sources */,
				0E50958A2918F4CC0038B429 /* BaseView.swift in Sources */,
				0E5095C9291AA6720038B429 /* LoginViewController.swift in Sources */,
				0E4F62F9291C2A9500F36167 /* LoginView.swift in Sources */,
				0E5095912918F5C50038B429 /* BaseCollectionViewCell.swift in Sources */,
				0E1411052918DD9A0040BD85 /* ColorPalette.swift in Sources */,
				0E5095C4291A591A0038B429 /* OnBoardingViewController.swift in Sources */,
				0E5095CE291AAE380038B429 /* SplashContent.swift in Sources */,
				0E5095CB291AA8BD0038B429 /* SplashView.swift in Sources */,
			);
			runOnlyForDeploymentPostprocessing = 0;
		};
/* End PBXSourcesBuildPhase section */

/* Begin PBXVariantGroup section */
		0E1410ED2918D63E0040BD85 /* Main.storyboard */ = {
			isa = PBXVariantGroup;
			children = (
				0E1410EE2918D63E0040BD85 /* Base */,
			);
			name = Main.storyboard;
			sourceTree = "<group>";
		};
		0E1410F22918D6400040BD85 /* LaunchScreen.storyboard */ = {
			isa = PBXVariantGroup;
			children = (
				0E1410F32918D6400040BD85 /* Base */,
			);
			name = LaunchScreen.storyboard;
			sourceTree = "<group>";
		};
/* End PBXVariantGroup section */

/* Begin XCBuildConfiguration section */
		0E1410F62918D6400040BD85 /* Debug */ = {
			isa = XCBuildConfiguration;
			buildSettings = {
				ALWAYS_SEARCH_USER_PATHS = NO;
				CLANG_ANALYZER_NONNULL = YES;
				CLANG_ANALYZER_NUMBER_OBJECT_CONVERSION = YES_AGGRESSIVE;
				CLANG_CXX_LANGUAGE_STANDARD = "gnu++20";
				CLANG_ENABLE_MODULES = YES;
				CLANG_ENABLE_OBJC_ARC = YES;
				CLANG_ENABLE_OBJC_WEAK = YES;
				CLANG_WARN_BLOCK_CAPTURE_AUTORELEASING = YES;
				CLANG_WARN_BOOL_CONVERSION = YES;
				CLANG_WARN_COMMA = YES;
				CLANG_WARN_CONSTANT_CONVERSION = YES;
				CLANG_WARN_DEPRECATED_OBJC_IMPLEMENTATIONS = YES;
				CLANG_WARN_DIRECT_OBJC_ISA_USAGE = YES_ERROR;
				CLANG_WARN_DOCUMENTATION_COMMENTS = YES;
				CLANG_WARN_EMPTY_BODY = YES;
				CLANG_WARN_ENUM_CONVERSION = YES;
				CLANG_WARN_INFINITE_RECURSION = YES;
				CLANG_WARN_INT_CONVERSION = YES;
				CLANG_WARN_NON_LITERAL_NULL_CONVERSION = YES;
				CLANG_WARN_OBJC_IMPLICIT_RETAIN_SELF = YES;
				CLANG_WARN_OBJC_LITERAL_CONVERSION = YES;
				CLANG_WARN_OBJC_ROOT_CLASS = YES_ERROR;
				CLANG_WARN_QUOTED_INCLUDE_IN_FRAMEWORK_HEADER = YES;
				CLANG_WARN_RANGE_LOOP_ANALYSIS = YES;
				CLANG_WARN_STRICT_PROTOTYPES = YES;
				CLANG_WARN_SUSPICIOUS_MOVE = YES;
				CLANG_WARN_UNGUARDED_AVAILABILITY = YES_AGGRESSIVE;
				CLANG_WARN_UNREACHABLE_CODE = YES;
				CLANG_WARN__DUPLICATE_METHOD_MATCH = YES;
				COPY_PHASE_STRIP = NO;
				DEBUG_INFORMATION_FORMAT = dwarf;
				ENABLE_STRICT_OBJC_MSGSEND = YES;
				ENABLE_TESTABILITY = YES;
				GCC_C_LANGUAGE_STANDARD = gnu11;
				GCC_DYNAMIC_NO_PIC = NO;
				GCC_NO_COMMON_BLOCKS = YES;
				GCC_OPTIMIZATION_LEVEL = 0;
				GCC_PREPROCESSOR_DEFINITIONS = (
					"DEBUG=1",
					"$(inherited)",
				);
				GCC_WARN_64_TO_32_BIT_CONVERSION = YES;
				GCC_WARN_ABOUT_RETURN_TYPE = YES_ERROR;
				GCC_WARN_UNDECLARED_SELECTOR = YES;
				GCC_WARN_UNINITIALIZED_AUTOS = YES_AGGRESSIVE;
				GCC_WARN_UNUSED_FUNCTION = YES;
				GCC_WARN_UNUSED_VARIABLE = YES;
				IPHONEOS_DEPLOYMENT_TARGET = 16.1;
				MTL_ENABLE_DEBUG_INFO = INCLUDE_SOURCE;
				MTL_FAST_MATH = YES;
				ONLY_ACTIVE_ARCH = YES;
				SDKROOT = iphoneos;
				SWIFT_ACTIVE_COMPILATION_CONDITIONS = DEBUG;
				SWIFT_OPTIMIZATION_LEVEL = "-Onone";
			};
			name = Debug;
		};
		0E1410F72918D6400040BD85 /* Release */ = {
			isa = XCBuildConfiguration;
			buildSettings = {
				ALWAYS_SEARCH_USER_PATHS = NO;
				CLANG_ANALYZER_NONNULL = YES;
				CLANG_ANALYZER_NUMBER_OBJECT_CONVERSION = YES_AGGRESSIVE;
				CLANG_CXX_LANGUAGE_STANDARD = "gnu++20";
				CLANG_ENABLE_MODULES = YES;
				CLANG_ENABLE_OBJC_ARC = YES;
				CLANG_ENABLE_OBJC_WEAK = YES;
				CLANG_WARN_BLOCK_CAPTURE_AUTORELEASING = YES;
				CLANG_WARN_BOOL_CONVERSION = YES;
				CLANG_WARN_COMMA = YES;
				CLANG_WARN_CONSTANT_CONVERSION = YES;
				CLANG_WARN_DEPRECATED_OBJC_IMPLEMENTATIONS = YES;
				CLANG_WARN_DIRECT_OBJC_ISA_USAGE = YES_ERROR;
				CLANG_WARN_DOCUMENTATION_COMMENTS = YES;
				CLANG_WARN_EMPTY_BODY = YES;
				CLANG_WARN_ENUM_CONVERSION = YES;
				CLANG_WARN_INFINITE_RECURSION = YES;
				CLANG_WARN_INT_CONVERSION = YES;
				CLANG_WARN_NON_LITERAL_NULL_CONVERSION = YES;
				CLANG_WARN_OBJC_IMPLICIT_RETAIN_SELF = YES;
				CLANG_WARN_OBJC_LITERAL_CONVERSION = YES;
				CLANG_WARN_OBJC_ROOT_CLASS = YES_ERROR;
				CLANG_WARN_QUOTED_INCLUDE_IN_FRAMEWORK_HEADER = YES;
				CLANG_WARN_RANGE_LOOP_ANALYSIS = YES;
				CLANG_WARN_STRICT_PROTOTYPES = YES;
				CLANG_WARN_SUSPICIOUS_MOVE = YES;
				CLANG_WARN_UNGUARDED_AVAILABILITY = YES_AGGRESSIVE;
				CLANG_WARN_UNREACHABLE_CODE = YES;
				CLANG_WARN__DUPLICATE_METHOD_MATCH = YES;
				COPY_PHASE_STRIP = NO;
				DEBUG_INFORMATION_FORMAT = "dwarf-with-dsym";
				ENABLE_NS_ASSERTIONS = NO;
				ENABLE_STRICT_OBJC_MSGSEND = YES;
				GCC_C_LANGUAGE_STANDARD = gnu11;
				GCC_NO_COMMON_BLOCKS = YES;
				GCC_WARN_64_TO_32_BIT_CONVERSION = YES;
				GCC_WARN_ABOUT_RETURN_TYPE = YES_ERROR;
				GCC_WARN_UNDECLARED_SELECTOR = YES;
				GCC_WARN_UNINITIALIZED_AUTOS = YES_AGGRESSIVE;
				GCC_WARN_UNUSED_FUNCTION = YES;
				GCC_WARN_UNUSED_VARIABLE = YES;
				IPHONEOS_DEPLOYMENT_TARGET = 16.1;
				MTL_ENABLE_DEBUG_INFO = NO;
				MTL_FAST_MATH = YES;
				SDKROOT = iphoneos;
				SWIFT_COMPILATION_MODE = wholemodule;
				SWIFT_OPTIMIZATION_LEVEL = "-O";
				VALIDATE_PRODUCT = YES;
			};
			name = Release;
		};
		0E1410F92918D6400040BD85 /* Debug */ = {
			isa = XCBuildConfiguration;
			buildSettings = {
				ASSETCATALOG_COMPILER_APPICON_NAME = AppIcon;
				ASSETCATALOG_COMPILER_GLOBAL_ACCENT_COLOR_NAME = AccentColor;
				CODE_SIGN_STYLE = Automatic;
				CURRENT_PROJECT_VERSION = 1;
				DEVELOPMENT_TEAM = U8U4L6FXAF;
				GENERATE_INFOPLIST_FILE = YES;
				INFOPLIST_FILE = SeSACStudyRecruitSLP/Info.plist;
				INFOPLIST_KEY_UIApplicationSupportsIndirectInputEvents = YES;
				INFOPLIST_KEY_UILaunchStoryboardName = LaunchScreen;
				INFOPLIST_KEY_UIMainStoryboardFile = Main;
				INFOPLIST_KEY_UISupportedInterfaceOrientations = UIInterfaceOrientationPortrait;
				INFOPLIST_KEY_UISupportedInterfaceOrientations_iPad = UIInterfaceOrientationPortrait;
				INFOPLIST_KEY_UISupportedInterfaceOrientations_iPhone = UIInterfaceOrientationPortrait;
				IPHONEOS_DEPLOYMENT_TARGET = 15.0;
				LD_RUNPATH_SEARCH_PATHS = (
					"$(inherited)",
					"@executable_path/Frameworks",
				);
				MARKETING_VERSION = 1.0;
				PRODUCT_BUNDLE_IDENTIFIER = net.mhkang.SeSACStudyRecruitSLP;
				PRODUCT_NAME = "$(TARGET_NAME)";
				SWIFT_EMIT_LOC_STRINGS = YES;
				SWIFT_VERSION = 5.0;
				TARGETED_DEVICE_FAMILY = "1,2";
			};
			name = Debug;
		};
		0E1410FA2918D6400040BD85 /* Release */ = {
			isa = XCBuildConfiguration;
			buildSettings = {
				ASSETCATALOG_COMPILER_APPICON_NAME = AppIcon;
				ASSETCATALOG_COMPILER_GLOBAL_ACCENT_COLOR_NAME = AccentColor;
				CODE_SIGN_STYLE = Automatic;
				CURRENT_PROJECT_VERSION = 1;
				DEVELOPMENT_TEAM = U8U4L6FXAF;
				GENERATE_INFOPLIST_FILE = YES;
				INFOPLIST_FILE = SeSACStudyRecruitSLP/Info.plist;
				INFOPLIST_KEY_UIApplicationSupportsIndirectInputEvents = YES;
				INFOPLIST_KEY_UILaunchStoryboardName = LaunchScreen;
				INFOPLIST_KEY_UIMainStoryboardFile = Main;
				INFOPLIST_KEY_UISupportedInterfaceOrientations = UIInterfaceOrientationPortrait;
				INFOPLIST_KEY_UISupportedInterfaceOrientations_iPad = UIInterfaceOrientationPortrait;
				INFOPLIST_KEY_UISupportedInterfaceOrientations_iPhone = UIInterfaceOrientationPortrait;
				IPHONEOS_DEPLOYMENT_TARGET = 15.0;
				LD_RUNPATH_SEARCH_PATHS = (
					"$(inherited)",
					"@executable_path/Frameworks",
				);
				MARKETING_VERSION = 1.0;
				PRODUCT_BUNDLE_IDENTIFIER = net.mhkang.SeSACStudyRecruitSLP;
				PRODUCT_NAME = "$(TARGET_NAME)";
				SWIFT_EMIT_LOC_STRINGS = YES;
				SWIFT_VERSION = 5.0;
				TARGETED_DEVICE_FAMILY = "1,2";
			};
			name = Release;
		};
/* End XCBuildConfiguration section */

/* Begin XCConfigurationList section */
		0E1410DF2918D63E0040BD85 /* Build configuration list for PBXProject "SeSACStudyRecruitSLP" */ = {
			isa = XCConfigurationList;
			buildConfigurations = (
				0E1410F62918D6400040BD85 /* Debug */,
				0E1410F72918D6400040BD85 /* Release */,
			);
			defaultConfigurationIsVisible = 0;
			defaultConfigurationName = Release;
		};
		0E1410F82918D6400040BD85 /* Build configuration list for PBXNativeTarget "SeSACStudyRecruitSLP" */ = {
			isa = XCConfigurationList;
			buildConfigurations = (
				0E1410F92918D6400040BD85 /* Debug */,
				0E1410FA2918D6400040BD85 /* Release */,
			);
			defaultConfigurationIsVisible = 0;
			defaultConfigurationName = Release;
		};
/* End XCConfigurationList section */

/* Begin XCRemoteSwiftPackageReference section */
		0E4F62F1291C276500F36167 /* XCRemoteSwiftPackageReference "RxSwift" */ = {
			isa = XCRemoteSwiftPackageReference;
			repositoryURL = "https://github.com/ReactiveX/RxSwift.git";
			requirement = {
				kind = upToNextMajorVersion;
				minimumVersion = 6.0.0;
			};
		};
		0E50958B2918F4F00038B429 /* XCRemoteSwiftPackageReference "SnapKit" */ = {
			isa = XCRemoteSwiftPackageReference;
			repositoryURL = "https://github.com/SnapKit/SnapKit.git";
			requirement = {
				kind = upToNextMajorVersion;
				minimumVersion = 5.0.0;
			};
		};
/* End XCRemoteSwiftPackageReference section */

/* Begin XCSwiftPackageProductDependency section */
		0E4F62F2291C276500F36167 /* RxCocoa */ = {
			isa = XCSwiftPackageProductDependency;
			package = 0E4F62F1291C276500F36167 /* XCRemoteSwiftPackageReference "RxSwift" */;
			productName = RxCocoa;
		};
		0E4F62F4291C276500F36167 /* RxRelay */ = {
			isa = XCSwiftPackageProductDependency;
			package = 0E4F62F1291C276500F36167 /* XCRemoteSwiftPackageReference "RxSwift" */;
			productName = RxRelay;
		};
		0E4F62F6291C276500F36167 /* RxSwift */ = {
			isa = XCSwiftPackageProductDependency;
			package = 0E4F62F1291C276500F36167 /* XCRemoteSwiftPackageReference "RxSwift" */;
			productName = RxSwift;
		};
		0E50958C2918F4F00038B429 /* SnapKit */ = {
			isa = XCSwiftPackageProductDependency;
			package = 0E50958B2918F4F00038B429 /* XCRemoteSwiftPackageReference "SnapKit" */;
			productName = SnapKit;
		};
/* End XCSwiftPackageProductDependency section */
	};
	rootObject = 0E1410DC2918D63E0040BD85 /* Project object */;
}
