// !$*UTF8*$!
{
	archiveVersion = 1;
	classes = {
	};
	objectVersion = 56;
	objects = {

/* Begin PBXBuildFile section */
		0E1410E82918D63E0040BD85 /* AppDelegate.swift in Sources */ = {isa = PBXBuildFile; fileRef = 0E1410E72918D63E0040BD85 /* AppDelegate.swift */; };
		0E1410EA2918D63E0040BD85 /* SceneDelegate.swift in Sources */ = {isa = PBXBuildFile; fileRef = 0E1410E92918D63E0040BD85 /* SceneDelegate.swift */; };
		0E1410EF2918D63E0040BD85 /* Main.storyboard in Resources */ = {isa = PBXBuildFile; fileRef = 0E1410ED2918D63E0040BD85 /* Main.storyboard */; };
		0E1410F12918D6400040BD85 /* Assets.xcassets in Resources */ = {isa = PBXBuildFile; fileRef = 0E1410F02918D6400040BD85 /* Assets.xcassets */; };
		0E1410F42918D6400040BD85 /* LaunchScreen.storyboard in Resources */ = {isa = PBXBuildFile; fileRef = 0E1410F22918D6400040BD85 /* LaunchScreen.storyboard */; };
		0E1411052918DD9A0040BD85 /* ColorPalette.swift in Sources */ = {isa = PBXBuildFile; fileRef = 0E1411042918DD9A0040BD85 /* ColorPalette.swift */; };
		0E1411072918EBF90040BD85 /* ReusableProtocol.swift in Sources */ = {isa = PBXBuildFile; fileRef = 0E1411062918EBF90040BD85 /* ReusableProtocol.swift */; };
		0E1411092918EC530040BD85 /* Image.swift in Sources */ = {isa = PBXBuildFile; fileRef = 0E1411082918EC530040BD85 /* Image.swift */; };
		0E46E2AF29288C390058A50E /* SearchResultViewController.swift in Sources */ = {isa = PBXBuildFile; fileRef = 0E46E2AE29288C390058A50E /* SearchResultViewController.swift */; };
		0E46E2B229288D3B0058A50E /* Tabman in Frameworks */ = {isa = PBXBuildFile; productRef = 0E46E2B129288D3B0058A50E /* Tabman */; };
		0E46E2B429288F3C0058A50E /* ListViewController.swift in Sources */ = {isa = PBXBuildFile; fileRef = 0E46E2B329288F3C0058A50E /* ListViewController.swift */; };
		0E49C6B629221F4F004E7875 /* MyInfoView.swift in Sources */ = {isa = PBXBuildFile; fileRef = 0E49C6B529221F4F004E7875 /* MyInfoView.swift */; };
		0E49C6B82922298D004E7875 /* MyInfoCell.swift in Sources */ = {isa = PBXBuildFile; fileRef = 0E49C6B72922298D004E7875 /* MyInfoCell.swift */; };
		0E49C6BD292244DE004E7875 /* withdrawCell.swift in Sources */ = {isa = PBXBuildFile; fileRef = 0E49C6BC292244DE004E7875 /* withdrawCell.swift */; };
		0E49C6BF292244F1004E7875 /* ageRangeCell.swift in Sources */ = {isa = PBXBuildFile; fileRef = 0E49C6BE292244F1004E7875 /* ageRangeCell.swift */; };
		0E49C6C12922454A004E7875 /* pnumPermitCell.swift in Sources */ = {isa = PBXBuildFile; fileRef = 0E49C6C02922454A004E7875 /* pnumPermitCell.swift */; };
		0E49C6C32922455D004E7875 /* oftenStudyCell.swift in Sources */ = {isa = PBXBuildFile; fileRef = 0E49C6C22922455D004E7875 /* oftenStudyCell.swift */; };
		0E49C6C529224566004E7875 /* genderCell.swift in Sources */ = {isa = PBXBuildFile; fileRef = 0E49C6C429224565004E7875 /* genderCell.swift */; };
		0E49C6C9292280E2004E7875 /* MultiSlider in Frameworks */ = {isa = PBXBuildFile; productRef = 0E49C6C8292280E2004E7875 /* MultiSlider */; };
		0E49C6D229228559004E7875 /* ThumbButton.swift in Sources */ = {isa = PBXBuildFile; fileRef = 0E49C6D129228559004E7875 /* ThumbButton.swift */; };
		0E49C6D4292285A5004E7875 /* CustomSlider.swift in Sources */ = {isa = PBXBuildFile; fileRef = 0E49C6D3292285A5004E7875 /* CustomSlider.swift */; };
		0E49C6D6292287F0004E7875 /* Comparable+Extension.swift in Sources */ = {isa = PBXBuildFile; fileRef = 0E49C6D5292287F0004E7875 /* Comparable+Extension.swift */; };
		0E49C6D82922A926004E7875 /* MyProfileInfoCell.swift in Sources */ = {isa = PBXBuildFile; fileRef = 0E49C6D72922A926004E7875 /* MyProfileInfoCell.swift */; };
		0E49C6DA2922C301004E7875 /* InfoManageView.swift in Sources */ = {isa = PBXBuildFile; fileRef = 0E49C6D92922C301004E7875 /* InfoManageView.swift */; };
		0E49C6DC2922C48E004E7875 /* profileCell.swift in Sources */ = {isa = PBXBuildFile; fileRef = 0E49C6DB2922C48E004E7875 /* profileCell.swift */; };
		0E49C6E42924A585004E7875 /* MainView.swift in Sources */ = {isa = PBXBuildFile; fileRef = 0E49C6E32924A585004E7875 /* MainView.swift */; };
		0E49C71829252F91004E7875 /* CollapsibleTableViewHeader.swift in Sources */ = {isa = PBXBuildFile; fileRef = 0E49C71729252F91004E7875 /* CollapsibleTableViewHeader.swift */; };
		0E4F62F0291C248300F36167 /* Transition+Extension.swift in Sources */ = {isa = PBXBuildFile; fileRef = 0E4F62EF291C248300F36167 /* Transition+Extension.swift */; };
		0E4F62F3291C276500F36167 /* RxCocoa in Frameworks */ = {isa = PBXBuildFile; productRef = 0E4F62F2291C276500F36167 /* RxCocoa */; };
		0E4F62F5291C276500F36167 /* RxRelay in Frameworks */ = {isa = PBXBuildFile; productRef = 0E4F62F4291C276500F36167 /* RxRelay */; };
		0E4F62F7291C276500F36167 /* RxSwift in Frameworks */ = {isa = PBXBuildFile; productRef = 0E4F62F6291C276500F36167 /* RxSwift */; };
		0E4F62F9291C2A9500F36167 /* PhoneNumberView.swift in Sources */ = {isa = PBXBuildFile; fileRef = 0E4F62F8291C2A9500F36167 /* PhoneNumberView.swift */; };
		0E4F62FB291C2C6600F36167 /* UIButton+Extension.swift in Sources */ = {isa = PBXBuildFile; fileRef = 0E4F62FA291C2C6600F36167 /* UIButton+Extension.swift */; };
		0E4F6301291CE00700F36167 /* FirebaseAnalyticsWithoutAdIdSupport in Frameworks */ = {isa = PBXBuildFile; productRef = 0E4F6300291CE00700F36167 /* FirebaseAnalyticsWithoutAdIdSupport */; };
		0E4F6303291CE00700F36167 /* FirebaseAuth in Frameworks */ = {isa = PBXBuildFile; productRef = 0E4F6302291CE00700F36167 /* FirebaseAuth */; };
		0E4F6305291CE00700F36167 /* FirebaseCrashlytics in Frameworks */ = {isa = PBXBuildFile; productRef = 0E4F6304291CE00700F36167 /* FirebaseCrashlytics */; };
		0E4F6307291CE00700F36167 /* FirebaseMessaging in Frameworks */ = {isa = PBXBuildFile; productRef = 0E4F6306291CE00700F36167 /* FirebaseMessaging */; };
		0E4F630A291CFD0900F36167 /* PhoneNumberViewModel.swift in Sources */ = {isa = PBXBuildFile; fileRef = 0E4F6309291CFD0900F36167 /* PhoneNumberViewModel.swift */; };
		0E4F630D291CFF1D00F36167 /* VerifyNumberViewController.swift in Sources */ = {isa = PBXBuildFile; fileRef = 0E4F630C291CFF1D00F36167 /* VerifyNumberViewController.swift */; };
		0E4F630F291CFF3900F36167 /* VerifyNumberView.swift in Sources */ = {isa = PBXBuildFile; fileRef = 0E4F630E291CFF3900F36167 /* VerifyNumberView.swift */; };
		0E4F6311291CFF4200F36167 /* VerifyNumberViewModel.swift in Sources */ = {isa = PBXBuildFile; fileRef = 0E4F6310291CFF4200F36167 /* VerifyNumberViewModel.swift */; };
		0E4F6313291D0D1D00F36167 /* NickNameViewController.swift in Sources */ = {isa = PBXBuildFile; fileRef = 0E4F6312291D0D1D00F36167 /* NickNameViewController.swift */; };
		0E4F6315291D0D2F00F36167 /* NickNameView.swift in Sources */ = {isa = PBXBuildFile; fileRef = 0E4F6314291D0D2F00F36167 /* NickNameView.swift */; };
		0E4F6317291D0D3900F36167 /* NickNameViewModel.swift in Sources */ = {isa = PBXBuildFile; fileRef = 0E4F6316291D0D3900F36167 /* NickNameViewModel.swift */; };
		0E4F631A291D120000F36167 /* BirthdayViewController.swift in Sources */ = {isa = PBXBuildFile; fileRef = 0E4F6319291D120000F36167 /* BirthdayViewController.swift */; };
		0E4F631C291D121000F36167 /* BirthdayView.swift in Sources */ = {isa = PBXBuildFile; fileRef = 0E4F631B291D121000F36167 /* BirthdayView.swift */; };
		0E4F6322291D192000F36167 /* EmailViewController.swift in Sources */ = {isa = PBXBuildFile; fileRef = 0E4F6321291D192000F36167 /* EmailViewController.swift */; };
		0E4F6324291D198600F36167 /* EmailView.swift in Sources */ = {isa = PBXBuildFile; fileRef = 0E4F6323291D198600F36167 /* EmailView.swift */; };
		0E4F6326291D199700F36167 /* EmailViewModel.swift in Sources */ = {isa = PBXBuildFile; fileRef = 0E4F6325291D199700F36167 /* EmailViewModel.swift */; };
		0E4F6328291D1E4B00F36167 /* GenderViewController.swift in Sources */ = {isa = PBXBuildFile; fileRef = 0E4F6327291D1E4B00F36167 /* GenderViewController.swift */; };
		0E4F632A291D1E5900F36167 /* GenderView.swift in Sources */ = {isa = PBXBuildFile; fileRef = 0E4F6329291D1E5900F36167 /* GenderView.swift */; };
		0E4F632C291D1E6600F36167 /* GenderViewModel.swift in Sources */ = {isa = PBXBuildFile; fileRef = 0E4F632B291D1E6600F36167 /* GenderViewModel.swift */; };
		0E4F632F291D6DAE00F36167 /* InputDateView.swift in Sources */ = {isa = PBXBuildFile; fileRef = 0E4F632E291D6DAE00F36167 /* InputDateView.swift */; };
		0E4F6331291D793F00F36167 /* UITextField+Extension.swift in Sources */ = {isa = PBXBuildFile; fileRef = 0E4F6330291D793F00F36167 /* UITextField+Extension.swift */; };
		0E4F6334291D7B9900F36167 /* Toast in Frameworks */ = {isa = PBXBuildFile; productRef = 0E4F6333291D7B9900F36167 /* Toast */; };
		0E4F6336291D7D7900F36167 /* CommonViewModel.swift in Sources */ = {isa = PBXBuildFile; fileRef = 0E4F6335291D7D7900F36167 /* CommonViewModel.swift */; };
		0E4F6338291D8C5000F36167 /* BaseNavigationController.swift in Sources */ = {isa = PBXBuildFile; fileRef = 0E4F6337291D8C5000F36167 /* BaseNavigationController.swift */; };
		0E4F633A291E91ED00F36167 /* MainViewController.swift in Sources */ = {isa = PBXBuildFile; fileRef = 0E4F6339291E91ED00F36167 /* MainViewController.swift */; };
		0E5095852918F1C90038B429 /* FirstViewController.swift in Sources */ = {isa = PBXBuildFile; fileRef = 0E5095842918F1C90038B429 /* FirstViewController.swift */; };
		0E5095882918F27F0038B429 /* BaseViewController.swift in Sources */ = {isa = PBXBuildFile; fileRef = 0E5095872918F27F0038B429 /* BaseViewController.swift */; };
		0E50958A2918F4CC0038B429 /* BaseView.swift in Sources */ = {isa = PBXBuildFile; fileRef = 0E5095892918F4CC0038B429 /* BaseView.swift */; };
		0E50958D2918F4F00038B429 /* SnapKit in Frameworks */ = {isa = PBXBuildFile; productRef = 0E50958C2918F4F00038B429 /* SnapKit */; };
		0E50958F2918F5150038B429 /* BaseTableViewCell.swift in Sources */ = {isa = PBXBuildFile; fileRef = 0E50958E2918F5150038B429 /* BaseTableViewCell.swift */; };
		0E5095912918F5C50038B429 /* BaseCollectionViewCell.swift in Sources */ = {isa = PBXBuildFile; fileRef = 0E5095902918F5C50038B429 /* BaseCollectionViewCell.swift */; };
		0E5095932918F6B40038B429 /* SecondViewController.swift in Sources */ = {isa = PBXBuildFile; fileRef = 0E5095922918F6B40038B429 /* SecondViewController.swift */; };
		0E5095952918F6BD0038B429 /* ThirdViewController.swift in Sources */ = {isa = PBXBuildFile; fileRef = 0E5095942918F6BD0038B429 /* ThirdViewController.swift */; };
		0E5095BA291A330A0038B429 /* .gitignore in Resources */ = {isa = PBXBuildFile; fileRef = 0E5095B9291A330A0038B429 /* .gitignore */; };
		0E5095BD291A3F390038B429 /* NotoSansCJKkr-Regular.otf in Resources */ = {isa = PBXBuildFile; fileRef = 0E5095BB291A3F390038B429 /* NotoSansCJKkr-Regular.otf */; };
		0E5095BE291A3F390038B429 /* NotoSansCJKkr-Medium.otf in Resources */ = {isa = PBXBuildFile; fileRef = 0E5095BC291A3F390038B429 /* NotoSansCJKkr-Medium.otf */; };
		0E5095C0291A432F0038B429 /* Dongle-Regular.ttf in Resources */ = {isa = PBXBuildFile; fileRef = 0E5095BF291A432F0038B429 /* Dongle-Regular.ttf */; };
		0E5095C2291A48740038B429 /* CustomFonts.swift in Sources */ = {isa = PBXBuildFile; fileRef = 0E5095C1291A48740038B429 /* CustomFonts.swift */; };
		0E5095C4291A591A0038B429 /* OnBoardingViewController.swift in Sources */ = {isa = PBXBuildFile; fileRef = 0E5095C3291A59190038B429 /* OnBoardingViewController.swift */; };
		0E5095C9291AA6720038B429 /* PhoneNumberViewController.swift in Sources */ = {isa = PBXBuildFile; fileRef = 0E5095C8291AA6720038B429 /* PhoneNumberViewController.swift */; };
		0E5095CB291AA8BD0038B429 /* SplashView.swift in Sources */ = {isa = PBXBuildFile; fileRef = 0E5095CA291AA8BD0038B429 /* SplashView.swift */; };
		0E5095CE291AAE380038B429 /* SplashContent.swift in Sources */ = {isa = PBXBuildFile; fileRef = 0E5095CD291AAE380038B429 /* SplashContent.swift */; };
		0EA6A9E6291F9D2200F71EC6 /* APIRouter.swift in Sources */ = {isa = PBXBuildFile; fileRef = 0EA6A9E5291F9D2200F71EC6 /* APIRouter.swift */; };
		0EA6A9E8291F9D2B00F71EC6 /* Network.swift in Sources */ = {isa = PBXBuildFile; fileRef = 0EA6A9E7291F9D2B00F71EC6 /* Network.swift */; };
		0EA6A9EA291F9D4900F71EC6 /* LoginError.swift in Sources */ = {isa = PBXBuildFile; fileRef = 0EA6A9E9291F9D4900F71EC6 /* LoginError.swift */; };
		0EA6A9ED291F9D8200F71EC6 /* Alamofire in Frameworks */ = {isa = PBXBuildFile; productRef = 0EA6A9EC291F9D8200F71EC6 /* Alamofire */; };
		0EA6A9EF291FDE7600F71EC6 /* Date+Extension.swift in Sources */ = {isa = PBXBuildFile; fileRef = 0EA6A9EE291FDE7500F71EC6 /* Date+Extension.swift */; };
		0EA6A9F129209D4E00F71EC6 /* LoginResponse.swift in Sources */ = {isa = PBXBuildFile; fileRef = 0EA6A9F029209D4E00F71EC6 /* LoginResponse.swift */; };
		0EA6A9F329209E9600F71EC6 /* SignupError.swift in Sources */ = {isa = PBXBuildFile; fileRef = 0EA6A9F229209E9600F71EC6 /* SignupError.swift */; };
		0EA6A9F52920A28300F71EC6 /* UserInfoDTO.swift in Sources */ = {isa = PBXBuildFile; fileRef = 0EA6A9F42920A28300F71EC6 /* UserInfoDTO.swift */; };
		0EA6A9F72920E79400F71EC6 /* GoogleService-Info.plist in Resources */ = {isa = PBXBuildFile; fileRef = 0EA6A9F62920E79300F71EC6 /* GoogleService-Info.plist */; };
		0EA6A9F92921625B00F71EC6 /* TabBarController.swift in Sources */ = {isa = PBXBuildFile; fileRef = 0EA6A9F82921625B00F71EC6 /* TabBarController.swift */; };
		0EA6A9FD29216B6A00F71EC6 /* ShopViewController.swift in Sources */ = {isa = PBXBuildFile; fileRef = 0EA6A9FC29216B6A00F71EC6 /* ShopViewController.swift */; };
		0EA6AA0129216BDC00F71EC6 /* FriendViewController.swift in Sources */ = {isa = PBXBuildFile; fileRef = 0EA6AA0029216BDC00F71EC6 /* FriendViewController.swift */; };
		0EA6AA0329216C2200F71EC6 /* MyInfoViewController.swift in Sources */ = {isa = PBXBuildFile; fileRef = 0EA6AA0229216C2200F71EC6 /* MyInfoViewController.swift */; };
		0EA6AA0629216FA800F71EC6 /* IQKeyboardManagerSwift in Frameworks */ = {isa = PBXBuildFile; productRef = 0EA6AA0529216FA800F71EC6 /* IQKeyboardManagerSwift */; };
		0EA6AA082921757F00F71EC6 /* InfoManageViewController.swift in Sources */ = {isa = PBXBuildFile; fileRef = 0EA6AA072921757F00F71EC6 /* InfoManageViewController.swift */; };
		0EF3751029261E4E0074FC64 /* WithdrawViewController.swift in Sources */ = {isa = PBXBuildFile; fileRef = 0EF3750F29261E4E0074FC64 /* WithdrawViewController.swift */; };
		0EF37512292655200074FC64 /* LaunchScreenViewController.swift in Sources */ = {isa = PBXBuildFile; fileRef = 0EF37511292655200074FC64 /* LaunchScreenViewController.swift */; };
		0EF3751429268E310074FC64 /* UserDefaultsWrapper.swift in Sources */ = {isa = PBXBuildFile; fileRef = 0EF3751329268E310074FC64 /* UserDefaultsWrapper.swift */; };
		0EF3751629268F120074FC64 /* UserDefaultsManager.swift in Sources */ = {isa = PBXBuildFile; fileRef = 0EF3751529268F120074FC64 /* UserDefaultsManager.swift */; };
		0EF375182926B33B0074FC64 /* InfoManageViewModel.swift in Sources */ = {isa = PBXBuildFile; fileRef = 0EF375172926B33B0074FC64 /* InfoManageViewModel.swift */; };
		0EF3751A2926B9DE0074FC64 /* UserInfoUpdateDTO.swift in Sources */ = {isa = PBXBuildFile; fileRef = 0EF375192926B9DE0074FC64 /* UserInfoUpdateDTO.swift */; };
/* End PBXBuildFile section */

/* Begin PBXFileReference section */
		0E1410E42918D63E0040BD85 /* SeSACStudyRecruitSLP.app */ = {isa = PBXFileReference; explicitFileType = wrapper.application; includeInIndex = 0; path = SeSACStudyRecruitSLP.app; sourceTree = BUILT_PRODUCTS_DIR; };
		0E1410E72918D63E0040BD85 /* AppDelegate.swift */ = {isa = PBXFileReference; lastKnownFileType = sourcecode.swift; path = AppDelegate.swift; sourceTree = "<group>"; };
		0E1410E92918D63E0040BD85 /* SceneDelegate.swift */ = {isa = PBXFileReference; lastKnownFileType = sourcecode.swift; path = SceneDelegate.swift; sourceTree = "<group>"; };
		0E1410EE2918D63E0040BD85 /* Base */ = {isa = PBXFileReference; lastKnownFileType = file.storyboard; name = Base; path = Base.lproj/Main.storyboard; sourceTree = "<group>"; };
		0E1410F02918D6400040BD85 /* Assets.xcassets */ = {isa = PBXFileReference; lastKnownFileType = folder.assetcatalog; path = Assets.xcassets; sourceTree = "<group>"; };
		0E1410F32918D6400040BD85 /* Base */ = {isa = PBXFileReference; lastKnownFileType = file.storyboard; name = Base; path = Base.lproj/LaunchScreen.storyboard; sourceTree = "<group>"; };
		0E1410F52918D6400040BD85 /* Info.plist */ = {isa = PBXFileReference; lastKnownFileType = text.plist.xml; path = Info.plist; sourceTree = "<group>"; };
		0E1411042918DD9A0040BD85 /* ColorPalette.swift */ = {isa = PBXFileReference; lastKnownFileType = sourcecode.swift; path = ColorPalette.swift; sourceTree = "<group>"; };
		0E1411062918EBF90040BD85 /* ReusableProtocol.swift */ = {isa = PBXFileReference; lastKnownFileType = sourcecode.swift; path = ReusableProtocol.swift; sourceTree = "<group>"; };
		0E1411082918EC530040BD85 /* Image.swift */ = {isa = PBXFileReference; lastKnownFileType = sourcecode.swift; path = Image.swift; sourceTree = "<group>"; };
		0E46E2AE29288C390058A50E /* SearchResultViewController.swift */ = {isa = PBXFileReference; lastKnownFileType = sourcecode.swift; path = SearchResultViewController.swift; sourceTree = "<group>"; };
		0E46E2B329288F3C0058A50E /* ListViewController.swift */ = {isa = PBXFileReference; lastKnownFileType = sourcecode.swift; path = ListViewController.swift; sourceTree = "<group>"; };
		0E49C6B529221F4F004E7875 /* MyInfoView.swift */ = {isa = PBXFileReference; lastKnownFileType = sourcecode.swift; path = MyInfoView.swift; sourceTree = "<group>"; };
		0E49C6B72922298D004E7875 /* MyInfoCell.swift */ = {isa = PBXFileReference; lastKnownFileType = sourcecode.swift; path = MyInfoCell.swift; sourceTree = "<group>"; };
		0E49C6BC292244DE004E7875 /* withdrawCell.swift */ = {isa = PBXFileReference; lastKnownFileType = sourcecode.swift; path = withdrawCell.swift; sourceTree = "<group>"; };
		0E49C6BE292244F1004E7875 /* ageRangeCell.swift */ = {isa = PBXFileReference; lastKnownFileType = sourcecode.swift; path = ageRangeCell.swift; sourceTree = "<group>"; };
		0E49C6C02922454A004E7875 /* pnumPermitCell.swift */ = {isa = PBXFileReference; lastKnownFileType = sourcecode.swift; path = pnumPermitCell.swift; sourceTree = "<group>"; };
		0E49C6C22922455D004E7875 /* oftenStudyCell.swift */ = {isa = PBXFileReference; lastKnownFileType = sourcecode.swift; path = oftenStudyCell.swift; sourceTree = "<group>"; };
		0E49C6C429224565004E7875 /* genderCell.swift */ = {isa = PBXFileReference; lastKnownFileType = sourcecode.swift; path = genderCell.swift; sourceTree = "<group>"; };
		0E49C6D129228559004E7875 /* ThumbButton.swift */ = {isa = PBXFileReference; lastKnownFileType = sourcecode.swift; path = ThumbButton.swift; sourceTree = "<group>"; };
		0E49C6D3292285A5004E7875 /* CustomSlider.swift */ = {isa = PBXFileReference; lastKnownFileType = sourcecode.swift; path = CustomSlider.swift; sourceTree = "<group>"; };
		0E49C6D5292287F0004E7875 /* Comparable+Extension.swift */ = {isa = PBXFileReference; lastKnownFileType = sourcecode.swift; path = "Comparable+Extension.swift"; sourceTree = "<group>"; };
		0E49C6D72922A926004E7875 /* MyProfileInfoCell.swift */ = {isa = PBXFileReference; lastKnownFileType = sourcecode.swift; path = MyProfileInfoCell.swift; sourceTree = "<group>"; };
		0E49C6D92922C301004E7875 /* InfoManageView.swift */ = {isa = PBXFileReference; lastKnownFileType = sourcecode.swift; path = InfoManageView.swift; sourceTree = "<group>"; };
		0E49C6DB2922C48E004E7875 /* profileCell.swift */ = {isa = PBXFileReference; lastKnownFileType = sourcecode.swift; path = profileCell.swift; sourceTree = "<group>"; };
		0E49C6E32924A585004E7875 /* MainView.swift */ = {isa = PBXFileReference; lastKnownFileType = sourcecode.swift; path = MainView.swift; sourceTree = "<group>"; };
		0E49C71729252F91004E7875 /* CollapsibleTableViewHeader.swift */ = {isa = PBXFileReference; lastKnownFileType = sourcecode.swift; path = CollapsibleTableViewHeader.swift; sourceTree = "<group>"; };
		0E4F62EF291C248300F36167 /* Transition+Extension.swift */ = {isa = PBXFileReference; lastKnownFileType = sourcecode.swift; path = "Transition+Extension.swift"; sourceTree = "<group>"; };
		0E4F62F8291C2A9500F36167 /* PhoneNumberView.swift */ = {isa = PBXFileReference; lastKnownFileType = sourcecode.swift; path = PhoneNumberView.swift; sourceTree = "<group>"; };
		0E4F62FA291C2C6600F36167 /* UIButton+Extension.swift */ = {isa = PBXFileReference; lastKnownFileType = sourcecode.swift; path = "UIButton+Extension.swift"; sourceTree = "<group>"; };
		0E4F6308291CE55700F36167 /* SeSACStudyRecruitSLP.entitlements */ = {isa = PBXFileReference; lastKnownFileType = text.plist.entitlements; path = SeSACStudyRecruitSLP.entitlements; sourceTree = "<group>"; };
		0E4F6309291CFD0900F36167 /* PhoneNumberViewModel.swift */ = {isa = PBXFileReference; lastKnownFileType = sourcecode.swift; path = PhoneNumberViewModel.swift; sourceTree = "<group>"; };
		0E4F630C291CFF1D00F36167 /* VerifyNumberViewController.swift */ = {isa = PBXFileReference; lastKnownFileType = sourcecode.swift; path = VerifyNumberViewController.swift; sourceTree = "<group>"; };
		0E4F630E291CFF3900F36167 /* VerifyNumberView.swift */ = {isa = PBXFileReference; lastKnownFileType = sourcecode.swift; path = VerifyNumberView.swift; sourceTree = "<group>"; };
		0E4F6310291CFF4200F36167 /* VerifyNumberViewModel.swift */ = {isa = PBXFileReference; lastKnownFileType = sourcecode.swift; path = VerifyNumberViewModel.swift; sourceTree = "<group>"; };
		0E4F6312291D0D1D00F36167 /* NickNameViewController.swift */ = {isa = PBXFileReference; lastKnownFileType = sourcecode.swift; path = NickNameViewController.swift; sourceTree = "<group>"; };
		0E4F6314291D0D2F00F36167 /* NickNameView.swift */ = {isa = PBXFileReference; lastKnownFileType = sourcecode.swift; path = NickNameView.swift; sourceTree = "<group>"; };
		0E4F6316291D0D3900F36167 /* NickNameViewModel.swift */ = {isa = PBXFileReference; lastKnownFileType = sourcecode.swift; path = NickNameViewModel.swift; sourceTree = "<group>"; };
		0E4F6319291D120000F36167 /* BirthdayViewController.swift */ = {isa = PBXFileReference; lastKnownFileType = sourcecode.swift; path = BirthdayViewController.swift; sourceTree = "<group>"; };
		0E4F631B291D121000F36167 /* BirthdayView.swift */ = {isa = PBXFileReference; lastKnownFileType = sourcecode.swift; path = BirthdayView.swift; sourceTree = "<group>"; };
		0E4F6321291D192000F36167 /* EmailViewController.swift */ = {isa = PBXFileReference; lastKnownFileType = sourcecode.swift; path = EmailViewController.swift; sourceTree = "<group>"; };
		0E4F6323291D198600F36167 /* EmailView.swift */ = {isa = PBXFileReference; lastKnownFileType = sourcecode.swift; path = EmailView.swift; sourceTree = "<group>"; };
		0E4F6325291D199700F36167 /* EmailViewModel.swift */ = {isa = PBXFileReference; lastKnownFileType = sourcecode.swift; path = EmailViewModel.swift; sourceTree = "<group>"; };
		0E4F6327291D1E4B00F36167 /* GenderViewController.swift */ = {isa = PBXFileReference; lastKnownFileType = sourcecode.swift; path = GenderViewController.swift; sourceTree = "<group>"; };
		0E4F6329291D1E5900F36167 /* GenderView.swift */ = {isa = PBXFileReference; lastKnownFileType = sourcecode.swift; path = GenderView.swift; sourceTree = "<group>"; };
		0E4F632B291D1E6600F36167 /* GenderViewModel.swift */ = {isa = PBXFileReference; lastKnownFileType = sourcecode.swift; path = GenderViewModel.swift; sourceTree = "<group>"; };
		0E4F632E291D6DAE00F36167 /* InputDateView.swift */ = {isa = PBXFileReference; lastKnownFileType = sourcecode.swift; path = InputDateView.swift; sourceTree = "<group>"; };
		0E4F6330291D793F00F36167 /* UITextField+Extension.swift */ = {isa = PBXFileReference; lastKnownFileType = sourcecode.swift; path = "UITextField+Extension.swift"; sourceTree = "<group>"; };
		0E4F6335291D7D7900F36167 /* CommonViewModel.swift */ = {isa = PBXFileReference; lastKnownFileType = sourcecode.swift; path = CommonViewModel.swift; sourceTree = "<group>"; };
		0E4F6337291D8C5000F36167 /* BaseNavigationController.swift */ = {isa = PBXFileReference; lastKnownFileType = sourcecode.swift; path = BaseNavigationController.swift; sourceTree = "<group>"; };
		0E4F6339291E91ED00F36167 /* MainViewController.swift */ = {isa = PBXFileReference; lastKnownFileType = sourcecode.swift; path = MainViewController.swift; sourceTree = "<group>"; };
		0E5095842918F1C90038B429 /* FirstViewController.swift */ = {isa = PBXFileReference; lastKnownFileType = sourcecode.swift; path = FirstViewController.swift; sourceTree = "<group>"; };
		0E5095872918F27F0038B429 /* BaseViewController.swift */ = {isa = PBXFileReference; lastKnownFileType = sourcecode.swift; path = BaseViewController.swift; sourceTree = "<group>"; };
		0E5095892918F4CC0038B429 /* BaseView.swift */ = {isa = PBXFileReference; lastKnownFileType = sourcecode.swift; path = BaseView.swift; sourceTree = "<group>"; };
		0E50958E2918F5150038B429 /* BaseTableViewCell.swift */ = {isa = PBXFileReference; lastKnownFileType = sourcecode.swift; path = BaseTableViewCell.swift; sourceTree = "<group>"; };
		0E5095902918F5C50038B429 /* BaseCollectionViewCell.swift */ = {isa = PBXFileReference; lastKnownFileType = sourcecode.swift; path = BaseCollectionViewCell.swift; sourceTree = "<group>"; };
		0E5095922918F6B40038B429 /* SecondViewController.swift */ = {isa = PBXFileReference; lastKnownFileType = sourcecode.swift; path = SecondViewController.swift; sourceTree = "<group>"; };
		0E5095942918F6BD0038B429 /* ThirdViewController.swift */ = {isa = PBXFileReference; lastKnownFileType = sourcecode.swift; path = ThirdViewController.swift; sourceTree = "<group>"; };
		0E5095B9291A330A0038B429 /* .gitignore */ = {isa = PBXFileReference; lastKnownFileType = text; path = .gitignore; sourceTree = "<group>"; };
		0E5095BB291A3F390038B429 /* NotoSansCJKkr-Regular.otf */ = {isa = PBXFileReference; lastKnownFileType = file; path = "NotoSansCJKkr-Regular.otf"; sourceTree = "<group>"; };
		0E5095BC291A3F390038B429 /* NotoSansCJKkr-Medium.otf */ = {isa = PBXFileReference; lastKnownFileType = file; path = "NotoSansCJKkr-Medium.otf"; sourceTree = "<group>"; };
		0E5095BF291A432F0038B429 /* Dongle-Regular.ttf */ = {isa = PBXFileReference; lastKnownFileType = file; path = "Dongle-Regular.ttf"; sourceTree = "<group>"; };
		0E5095C1291A48740038B429 /* CustomFonts.swift */ = {isa = PBXFileReference; lastKnownFileType = sourcecode.swift; path = CustomFonts.swift; sourceTree = "<group>"; };
		0E5095C3291A59190038B429 /* OnBoardingViewController.swift */ = {isa = PBXFileReference; lastKnownFileType = sourcecode.swift; path = OnBoardingViewController.swift; sourceTree = "<group>"; };
		0E5095C8291AA6720038B429 /* PhoneNumberViewController.swift */ = {isa = PBXFileReference; lastKnownFileType = sourcecode.swift; path = PhoneNumberViewController.swift; sourceTree = "<group>"; };
		0E5095CA291AA8BD0038B429 /* SplashView.swift */ = {isa = PBXFileReference; lastKnownFileType = sourcecode.swift; path = SplashView.swift; sourceTree = "<group>"; };
		0E5095CD291AAE380038B429 /* SplashContent.swift */ = {isa = PBXFileReference; lastKnownFileType = sourcecode.swift; path = SplashContent.swift; sourceTree = "<group>"; };
		0EA6A9E5291F9D2200F71EC6 /* APIRouter.swift */ = {isa = PBXFileReference; lastKnownFileType = sourcecode.swift; path = APIRouter.swift; sourceTree = "<group>"; };
		0EA6A9E7291F9D2B00F71EC6 /* Network.swift */ = {isa = PBXFileReference; lastKnownFileType = sourcecode.swift; path = Network.swift; sourceTree = "<group>"; };
		0EA6A9E9291F9D4900F71EC6 /* LoginError.swift */ = {isa = PBXFileReference; lastKnownFileType = sourcecode.swift; path = LoginError.swift; sourceTree = "<group>"; };
		0EA6A9EE291FDE7500F71EC6 /* Date+Extension.swift */ = {isa = PBXFileReference; lastKnownFileType = sourcecode.swift; path = "Date+Extension.swift"; sourceTree = "<group>"; };
		0EA6A9F029209D4E00F71EC6 /* LoginResponse.swift */ = {isa = PBXFileReference; lastKnownFileType = sourcecode.swift; path = LoginResponse.swift; sourceTree = "<group>"; };
		0EA6A9F229209E9600F71EC6 /* SignupError.swift */ = {isa = PBXFileReference; lastKnownFileType = sourcecode.swift; path = SignupError.swift; sourceTree = "<group>"; };
		0EA6A9F42920A28300F71EC6 /* UserInfoDTO.swift */ = {isa = PBXFileReference; lastKnownFileType = sourcecode.swift; path = UserInfoDTO.swift; sourceTree = "<group>"; };
		0EA6A9F62920E79300F71EC6 /* GoogleService-Info.plist */ = {isa = PBXFileReference; fileEncoding = 4; lastKnownFileType = text.plist.xml; path = "GoogleService-Info.plist"; sourceTree = "<group>"; };
		0EA6A9F82921625B00F71EC6 /* TabBarController.swift */ = {isa = PBXFileReference; lastKnownFileType = sourcecode.swift; path = TabBarController.swift; sourceTree = "<group>"; };
		0EA6A9FC29216B6A00F71EC6 /* ShopViewController.swift */ = {isa = PBXFileReference; lastKnownFileType = sourcecode.swift; path = ShopViewController.swift; sourceTree = "<group>"; };
		0EA6AA0029216BDC00F71EC6 /* FriendViewController.swift */ = {isa = PBXFileReference; lastKnownFileType = sourcecode.swift; path = FriendViewController.swift; sourceTree = "<group>"; };
		0EA6AA0229216C2200F71EC6 /* MyInfoViewController.swift */ = {isa = PBXFileReference; lastKnownFileType = sourcecode.swift; path = MyInfoViewController.swift; sourceTree = "<group>"; };
		0EA6AA072921757F00F71EC6 /* InfoManageViewController.swift */ = {isa = PBXFileReference; lastKnownFileType = sourcecode.swift; path = InfoManageViewController.swift; sourceTree = "<group>"; };
		0EF3750F29261E4E0074FC64 /* WithdrawViewController.swift */ = {isa = PBXFileReference; lastKnownFileType = sourcecode.swift; path = WithdrawViewController.swift; sourceTree = "<group>"; };
		0EF37511292655200074FC64 /* LaunchScreenViewController.swift */ = {isa = PBXFileReference; lastKnownFileType = sourcecode.swift; path = LaunchScreenViewController.swift; sourceTree = "<group>"; };
		0EF3751329268E310074FC64 /* UserDefaultsWrapper.swift */ = {isa = PBXFileReference; lastKnownFileType = sourcecode.swift; path = UserDefaultsWrapper.swift; sourceTree = "<group>"; };
		0EF3751529268F120074FC64 /* UserDefaultsManager.swift */ = {isa = PBXFileReference; lastKnownFileType = sourcecode.swift; path = UserDefaultsManager.swift; sourceTree = "<group>"; };
		0EF375172926B33B0074FC64 /* InfoManageViewModel.swift */ = {isa = PBXFileReference; lastKnownFileType = sourcecode.swift; path = InfoManageViewModel.swift; sourceTree = "<group>"; };
		0EF375192926B9DE0074FC64 /* UserInfoUpdateDTO.swift */ = {isa = PBXFileReference; lastKnownFileType = sourcecode.swift; path = UserInfoUpdateDTO.swift; sourceTree = "<group>"; };
/* End PBXFileReference section */

/* Begin PBXFrameworksBuildPhase section */
		0E1410E12918D63E0040BD85 /* Frameworks */ = {
			isa = PBXFrameworksBuildPhase;
			buildActionMask = 2147483647;
			files = (
				0E46E2B229288D3B0058A50E /* Tabman in Frameworks */,
				0E4F6307291CE00700F36167 /* FirebaseMessaging in Frameworks */,
				0E49C6C9292280E2004E7875 /* MultiSlider in Frameworks */,
				0E4F62F5291C276500F36167 /* RxRelay in Frameworks */,
				0E4F6303291CE00700F36167 /* FirebaseAuth in Frameworks */,
				0E4F6334291D7B9900F36167 /* Toast in Frameworks */,
				0E4F6301291CE00700F36167 /* FirebaseAnalyticsWithoutAdIdSupport in Frameworks */,
				0EA6A9ED291F9D8200F71EC6 /* Alamofire in Frameworks */,
				0E4F6305291CE00700F36167 /* FirebaseCrashlytics in Frameworks */,
				0E4F62F3291C276500F36167 /* RxCocoa in Frameworks */,
				0E4F62F7291C276500F36167 /* RxSwift in Frameworks */,
				0EA6AA0629216FA800F71EC6 /* IQKeyboardManagerSwift in Frameworks */,
				0E50958D2918F4F00038B429 /* SnapKit in Frameworks */,
			);
			runOnlyForDeploymentPostprocessing = 0;
		};
/* End PBXFrameworksBuildPhase section */

/* Begin PBXGroup section */
		0E1410DB2918D63E0040BD85 = {
			isa = PBXGroup;
			children = (
				0E5095B9291A330A0038B429 /* .gitignore */,
				0E1410E62918D63E0040BD85 /* SeSACStudyRecruitSLP */,
				0E1410E52918D63E0040BD85 /* Products */,
			);
			sourceTree = "<group>";
		};
		0E1410E52918D63E0040BD85 /* Products */ = {
			isa = PBXGroup;
			children = (
				0E1410E42918D63E0040BD85 /* SeSACStudyRecruitSLP.app */,
			);
			name = Products;
			sourceTree = "<group>";
		};
		0E1410E62918D63E0040BD85 /* SeSACStudyRecruitSLP */ = {
			isa = PBXGroup;
			children = (
				0E4F6308291CE55700F36167 /* SeSACStudyRecruitSLP.entitlements */,
				0E1410E72918D63E0040BD85 /* AppDelegate.swift */,
				0E1410E92918D63E0040BD85 /* SceneDelegate.swift */,
				0EA6A9F82921625B00F71EC6 /* TabBarController.swift */,
				0E1410ED2918D63E0040BD85 /* Main.storyboard */,
				0E1410F22918D6400040BD85 /* LaunchScreen.storyboard */,
				0E5095BC291A3F390038B429 /* NotoSansCJKkr-Medium.otf */,
				0E5095BB291A3F390038B429 /* NotoSansCJKkr-Regular.otf */,
				0E5095BF291A432F0038B429 /* Dongle-Regular.ttf */,
				0E1410F02918D6400040BD85 /* Assets.xcassets */,
				0E1410F52918D6400040BD85 /* Info.plist */,
				0E1410FD2918D6F10040BD85 /* Key */,
				0E5095CC291AAD690038B429 /* Data */,
				0E1410FE2918DC6E0040BD85 /* Extensions */,
				0E1410FB2918D6E00040BD85 /* Utility */,
				0EA6A9E4291F9CC100F71EC6 /* Network */,
				0E1410FC2918D6E90040BD85 /* Scene */,
			);
			path = SeSACStudyRecruitSLP;
			sourceTree = "<group>";
		};
		0E1410FB2918D6E00040BD85 /* Utility */ = {
			isa = PBXGroup;
			children = (
				0E1411062918EBF90040BD85 /* ReusableProtocol.swift */,
				0EF3751329268E310074FC64 /* UserDefaultsWrapper.swift */,
				0EF3751529268F120074FC64 /* UserDefaultsManager.swift */,
				0E1411012918DD4F0040BD85 /* Constants */,
				0E49C6C62922460A004E7875 /* Customs */,
				0E5095862918F2530038B429 /* BaseView */,
			);
			path = Utility;
			sourceTree = "<group>";
		};
		0E1410FC2918D6E90040BD85 /* Scene */ = {
			isa = PBXGroup;
			children = (
				0EF37511292655200074FC64 /* LaunchScreenViewController.swift */,
				0E14110A2918EF1D0040BD85 /* WalkThrough */,
				0EA6A9FA2921694700F71EC6 /* LoginSignup */,
				0E4F632D291D1F6200F36167 /* MainSearch */,
				0EA6A9FE29216BB600F71EC6 /* Shop */,
				0EA6A9FF29216BC600F71EC6 /* Friends */,
				0EA6A9FB29216AF900F71EC6 /* MyInfo */,
			);
			path = Scene;
			sourceTree = "<group>";
		};
		0E1410FD2918D6F10040BD85 /* Key */ = {
			isa = PBXGroup;
			children = (
				0EA6A9F62920E79300F71EC6 /* GoogleService-Info.plist */,
			);
			path = Key;
			sourceTree = "<group>";
		};
		0E1410FE2918DC6E0040BD85 /* Extensions */ = {
			isa = PBXGroup;
			children = (
				0E4F62EF291C248300F36167 /* Transition+Extension.swift */,
				0E4F62FA291C2C6600F36167 /* UIButton+Extension.swift */,
				0E4F6330291D793F00F36167 /* UITextField+Extension.swift */,
				0EA6A9EE291FDE7500F71EC6 /* Date+Extension.swift */,
				0E49C6D5292287F0004E7875 /* Comparable+Extension.swift */,
			);
			path = Extensions;
			sourceTree = "<group>";
		};
		0E1411012918DD4F0040BD85 /* Constants */ = {
			isa = PBXGroup;
			children = (
				0E1411042918DD9A0040BD85 /* ColorPalette.swift */,
				0E5095C1291A48740038B429 /* CustomFonts.swift */,
				0E1411082918EC530040BD85 /* Image.swift */,
			);
			path = Constants;
			sourceTree = "<group>";
		};
		0E14110A2918EF1D0040BD85 /* WalkThrough */ = {
			isa = PBXGroup;
			children = (
				0E5095C3291A59190038B429 /* OnBoardingViewController.swift */,
				0E5095842918F1C90038B429 /* FirstViewController.swift */,
				0E5095922918F6B40038B429 /* SecondViewController.swift */,
				0E5095942918F6BD0038B429 /* ThirdViewController.swift */,
				0E5095CA291AA8BD0038B429 /* SplashView.swift */,
			);
			path = WalkThrough;
			sourceTree = "<group>";
		};
		0E46E2AB29288BAA0058A50E /* Main */ = {
			isa = PBXGroup;
			children = (
				0E4F6339291E91ED00F36167 /* MainViewController.swift */,
				0E49C6E32924A585004E7875 /* MainView.swift */,
			);
			path = Main;
			sourceTree = "<group>";
		};
		0E46E2AC29288BCF0058A50E /* Search */ = {
			isa = PBXGroup;
			children = (
			);
			path = Search;
			sourceTree = "<group>";
		};
		0E46E2AD29288BD50058A50E /* SearchResult */ = {
			isa = PBXGroup;
			children = (
				0E46E2AE29288C390058A50E /* SearchResultViewController.swift */,
				0E46E2B329288F3C0058A50E /* ListViewController.swift */,
			);
			path = SearchResult;
			sourceTree = "<group>";
		};
		0E49C6BB29224477004E7875 /* InfoManage */ = {
			isa = PBXGroup;
			children = (
				0EA6AA072921757F00F71EC6 /* InfoManageViewController.swift */,
				0E49C6D92922C301004E7875 /* InfoManageView.swift */,
				0E49C6DB2922C48E004E7875 /* profileCell.swift */,
				0E49C6C429224565004E7875 /* genderCell.swift */,
				0E49C6C22922455D004E7875 /* oftenStudyCell.swift */,
				0E49C6C02922454A004E7875 /* pnumPermitCell.swift */,
				0E49C6BE292244F1004E7875 /* ageRangeCell.swift */,
				0E49C6BC292244DE004E7875 /* withdrawCell.swift */,
				0EF375172926B33B0074FC64 /* InfoManageViewModel.swift */,
			);
			path = InfoManage;
			sourceTree = "<group>";
		};
		0E49C6C62922460A004E7875 /* Customs */ = {
			isa = PBXGroup;
			children = (
				0E4F632E291D6DAE00F36167 /* InputDateView.swift */,
				0E49C6D129228559004E7875 /* ThumbButton.swift */,
				0E49C6D3292285A5004E7875 /* CustomSlider.swift */,
				0E49C71729252F91004E7875 /* CollapsibleTableViewHeader.swift */,
			);
			path = Customs;
			sourceTree = "<group>";
		};
		0E4F62FC291C31E500F36167 /* Login */ = {
			isa = PBXGroup;
			children = (
				0E5095C8291AA6720038B429 /* PhoneNumberViewController.swift */,
				0E4F62F8291C2A9500F36167 /* PhoneNumberView.swift */,
				0E4F6309291CFD0900F36167 /* PhoneNumberViewModel.swift */,
				0E4F630C291CFF1D00F36167 /* VerifyNumberViewController.swift */,
				0E4F630E291CFF3900F36167 /* VerifyNumberView.swift */,
				0E4F6310291CFF4200F36167 /* VerifyNumberViewModel.swift */,
			);
			path = Login;
			sourceTree = "<group>";
		};
		0E4F630B291CFEA600F36167 /* NickName */ = {
			isa = PBXGroup;
			children = (
				0E4F6312291D0D1D00F36167 /* NickNameViewController.swift */,
				0E4F6314291D0D2F00F36167 /* NickNameView.swift */,
				0E4F6316291D0D3900F36167 /* NickNameViewModel.swift */,
			);
			path = NickName;
			sourceTree = "<group>";
		};
		0E4F6318291D117900F36167 /* Birthday */ = {
			isa = PBXGroup;
			children = (
				0E4F6319291D120000F36167 /* BirthdayViewController.swift */,
				0E4F631B291D121000F36167 /* BirthdayView.swift */,
			);
			path = Birthday;
			sourceTree = "<group>";
		};
		0E4F631F291D189B00F36167 /* Email */ = {
			isa = PBXGroup;
			children = (
				0E4F6321291D192000F36167 /* EmailViewController.swift */,
				0E4F6323291D198600F36167 /* EmailView.swift */,
				0E4F6325291D199700F36167 /* EmailViewModel.swift */,
			);
			path = Email;
			sourceTree = "<group>";
		};
		0E4F6320291D18A500F36167 /* Gender */ = {
			isa = PBXGroup;
			children = (
				0E4F6327291D1E4B00F36167 /* GenderViewController.swift */,
				0E4F6329291D1E5900F36167 /* GenderView.swift */,
				0E4F632B291D1E6600F36167 /* GenderViewModel.swift */,
			);
			path = Gender;
			sourceTree = "<group>";
		};
		0E4F632D291D1F6200F36167 /* MainSearch */ = {
			isa = PBXGroup;
			children = (
				0E46E2AB29288BAA0058A50E /* Main */,
				0E46E2AC29288BCF0058A50E /* Search */,
				0E46E2AD29288BD50058A50E /* SearchResult */,
			);
			path = MainSearch;
			sourceTree = "<group>";
		};
		0E5095862918F2530038B429 /* BaseView */ = {
			isa = PBXGroup;
			children = (
				0E5095872918F27F0038B429 /* BaseViewController.swift */,
				0E5095892918F4CC0038B429 /* BaseView.swift */,
				0E50958E2918F5150038B429 /* BaseTableViewCell.swift */,
				0E5095902918F5C50038B429 /* BaseCollectionViewCell.swift */,
				0E4F6335291D7D7900F36167 /* CommonViewModel.swift */,
				0E4F6337291D8C5000F36167 /* BaseNavigationController.swift */,
			);
			path = BaseView;
			sourceTree = "<group>";
		};
		0E5095CC291AAD690038B429 /* Data */ = {
			isa = PBXGroup;
			children = (
				0E5095CD291AAE380038B429 /* SplashContent.swift */,
				0EA6A9F029209D4E00F71EC6 /* LoginResponse.swift */,
				0EA6A9F42920A28300F71EC6 /* UserInfoDTO.swift */,
				0EF375192926B9DE0074FC64 /* UserInfoUpdateDTO.swift */,
			);
			path = Data;
			sourceTree = "<group>";
		};
		0EA6A9E4291F9CC100F71EC6 /* Network */ = {
			isa = PBXGroup;
			children = (
				0EA6A9E5291F9D2200F71EC6 /* APIRouter.swift */,
				0EA6A9E7291F9D2B00F71EC6 /* Network.swift */,
				0EA6A9E9291F9D4900F71EC6 /* LoginError.swift */,
				0EA6A9F229209E9600F71EC6 /* SignupError.swift */,
			);
			path = Network;
			sourceTree = "<group>";
		};
		0EA6A9FA2921694700F71EC6 /* LoginSignup */ = {
			isa = PBXGroup;
			children = (
				0E4F62FC291C31E500F36167 /* Login */,
				0E4F630B291CFEA600F36167 /* NickName */,
				0E4F6318291D117900F36167 /* Birthday */,
				0E4F631F291D189B00F36167 /* Email */,
				0E4F6320291D18A500F36167 /* Gender */,
			);
			path = LoginSignup;
			sourceTree = "<group>";
		};
		0EA6A9FB29216AF900F71EC6 /* MyInfo */ = {
			isa = PBXGroup;
			children = (
				0EA6AA0229216C2200F71EC6 /* MyInfoViewController.swift */,
				0E49C6B529221F4F004E7875 /* MyInfoView.swift */,
				0E49C6D72922A926004E7875 /* MyProfileInfoCell.swift */,
				0E49C6B72922298D004E7875 /* MyInfoCell.swift */,
				0E49C6BB29224477004E7875 /* InfoManage */,
				0EF3750E29261E100074FC64 /* Withdraw */,
			);
			path = MyInfo;
			sourceTree = "<group>";
		};
		0EA6A9FE29216BB600F71EC6 /* Shop */ = {
			isa = PBXGroup;
			children = (
				0EA6A9FC29216B6A00F71EC6 /* ShopViewController.swift */,
			);
			path = Shop;
			sourceTree = "<group>";
		};
		0EA6A9FF29216BC600F71EC6 /* Friends */ = {
			isa = PBXGroup;
			children = (
				0EA6AA0029216BDC00F71EC6 /* FriendViewController.swift */,
			);
			path = Friends;
			sourceTree = "<group>";
		};
		0EF3750E29261E100074FC64 /* Withdraw */ = {
			isa = PBXGroup;
			children = (
				0EF3750F29261E4E0074FC64 /* WithdrawViewController.swift */,
			);
			path = Withdraw;
			sourceTree = "<group>";
		};
/* End PBXGroup section */

/* Begin PBXNativeTarget section */
		0E1410E32918D63E0040BD85 /* SeSACStudyRecruitSLP */ = {
			isa = PBXNativeTarget;
			buildConfigurationList = 0E1410F82918D6400040BD85 /* Build configuration list for PBXNativeTarget "SeSACStudyRecruitSLP" */;
			buildPhases = (
				0E1410E02918D63E0040BD85 /* Sources */,
				0E1410E12918D63E0040BD85 /* Frameworks */,
				0E1410E22918D63E0040BD85 /* Resources */,
			);
			buildRules = (
			);
			dependencies = (
			);
			name = SeSACStudyRecruitSLP;
			packageProductDependencies = (
				0E50958C2918F4F00038B429 /* SnapKit */,
				0E4F62F2291C276500F36167 /* RxCocoa */,
				0E4F62F4291C276500F36167 /* RxRelay */,
				0E4F62F6291C276500F36167 /* RxSwift */,
				0E4F6300291CE00700F36167 /* FirebaseAnalyticsWithoutAdIdSupport */,
				0E4F6302291CE00700F36167 /* FirebaseAuth */,
				0E4F6304291CE00700F36167 /* FirebaseCrashlytics */,
				0E4F6306291CE00700F36167 /* FirebaseMessaging */,
				0E4F6333291D7B9900F36167 /* Toast */,
				0EA6A9EC291F9D8200F71EC6 /* Alamofire */,
				0EA6AA0529216FA800F71EC6 /* IQKeyboardManagerSwift */,
				0E49C6C8292280E2004E7875 /* MultiSlider */,
				0E46E2B129288D3B0058A50E /* Tabman */,
			);
			productName = SeSACStudyRecruitSLP;
			productReference = 0E1410E42918D63E0040BD85 /* SeSACStudyRecruitSLP.app */;
			productType = "com.apple.product-type.application";
		};
/* End PBXNativeTarget section */

/* Begin PBXProject section */
		0E1410DC2918D63E0040BD85 /* Project object */ = {
			isa = PBXProject;
			attributes = {
				BuildIndependentTargetsInParallel = 1;
				LastSwiftUpdateCheck = 1410;
				LastUpgradeCheck = 1410;
				TargetAttributes = {
					0E1410E32918D63E0040BD85 = {
						CreatedOnToolsVersion = 14.1;
					};
				};
			};
			buildConfigurationList = 0E1410DF2918D63E0040BD85 /* Build configuration list for PBXProject "SeSACStudyRecruitSLP" */;
			compatibilityVersion = "Xcode 14.0";
			developmentRegion = en;
			hasScannedForEncodings = 0;
			knownRegions = (
				en,
				Base,
			);
			mainGroup = 0E1410DB2918D63E0040BD85;
			packageReferences = (
				0E50958B2918F4F00038B429 /* XCRemoteSwiftPackageReference "SnapKit" */,
				0E4F62F1291C276500F36167 /* XCRemoteSwiftPackageReference "RxSwift" */,
				0E4F62FF291CE00700F36167 /* XCRemoteSwiftPackageReference "firebase-ios-sdk" */,
				0E4F6332291D7B9900F36167 /* XCRemoteSwiftPackageReference "Toast-Swift" */,
				0EA6A9EB291F9D8100F71EC6 /* XCRemoteSwiftPackageReference "Alamofire" */,
				0EA6AA0429216FA800F71EC6 /* XCRemoteSwiftPackageReference "IQKeyboardManager" */,
				0E49C6C7292280E2004E7875 /* XCRemoteSwiftPackageReference "MultiSlider" */,
				0E46E2B029288D3B0058A50E /* XCRemoteSwiftPackageReference "Tabman" */,
			);
			productRefGroup = 0E1410E52918D63E0040BD85 /* Products */;
			projectDirPath = "";
			projectRoot = "";
			targets = (
				0E1410E32918D63E0040BD85 /* SeSACStudyRecruitSLP */,
			);
		};
/* End PBXProject section */

/* Begin PBXResourcesBuildPhase section */
		0E1410E22918D63E0040BD85 /* Resources */ = {
			isa = PBXResourcesBuildPhase;
			buildActionMask = 2147483647;
			files = (
				0E5095BD291A3F390038B429 /* NotoSansCJKkr-Regular.otf in Resources */,
				0EA6A9F72920E79400F71EC6 /* GoogleService-Info.plist in Resources */,
				0E5095BA291A330A0038B429 /* .gitignore in Resources */,
				0E5095C0291A432F0038B429 /* Dongle-Regular.ttf in Resources */,
				0E1410F42918D6400040BD85 /* LaunchScreen.storyboard in Resources */,
				0E1410F12918D6400040BD85 /* Assets.xcassets in Resources */,
				0E1410EF2918D63E0040BD85 /* Main.storyboard in Resources */,
				0E5095BE291A3F390038B429 /* NotoSansCJKkr-Medium.otf in Resources */,
			);
			runOnlyForDeploymentPostprocessing = 0;
		};
/* End PBXResourcesBuildPhase section */

/* Begin PBXSourcesBuildPhase section */
		0E1410E02918D63E0040BD85 /* Sources */ = {
			isa = PBXSourcesBuildPhase;
			buildActionMask = 2147483647;
			files = (
				0E4F630A291CFD0900F36167 /* PhoneNumberViewModel.swift in Sources */,
				0E4F632C291D1E6600F36167 /* GenderViewModel.swift in Sources */,
				0EA6A9F129209D4E00F71EC6 /* LoginResponse.swift in Sources */,
				0E4F6324291D198600F36167 /* EmailView.swift in Sources */,
				0E49C6B629221F4F004E7875 /* MyInfoView.swift in Sources */,
				0EF3751A2926B9DE0074FC64 /* UserInfoUpdateDTO.swift in Sources */,
				0E49C6E42924A585004E7875 /* MainView.swift in Sources */,
				0E49C6D6292287F0004E7875 /* Comparable+Extension.swift in Sources */,
				0E46E2B429288F3C0058A50E /* ListViewController.swift in Sources */,
				0E4F6313291D0D1D00F36167 /* NickNameViewController.swift in Sources */,
				0E5095852918F1C90038B429 /* FirstViewController.swift in Sources */,
				0EA6AA0129216BDC00F71EC6 /* FriendViewController.swift in Sources */,
				0E4F6331291D793F00F36167 /* UITextField+Extension.swift in Sources */,
				0EF375182926B33B0074FC64 /* InfoManageViewModel.swift in Sources */,
				0EA6A9F329209E9600F71EC6 /* SignupError.swift in Sources */,
				0E5095C2291A48740038B429 /* CustomFonts.swift in Sources */,
				0EF3751429268E310074FC64 /* UserDefaultsWrapper.swift in Sources */,
				0EF3751629268F120074FC64 /* UserDefaultsManager.swift in Sources */,
				0E49C6D4292285A5004E7875 /* CustomSlider.swift in Sources */,
				0EA6A9E6291F9D2200F71EC6 /* APIRouter.swift in Sources */,
				0E49C6DA2922C301004E7875 /* InfoManageView.swift in Sources */,
				0E1411092918EC530040BD85 /* Image.swift in Sources */,
				0E4F6338291D8C5000F36167 /* BaseNavigationController.swift in Sources */,
				0E4F631A291D120000F36167 /* BirthdayViewController.swift in Sources */,
				0E4F62FB291C2C6600F36167 /* UIButton+Extension.swift in Sources */,
				0EF37512292655200074FC64 /* LaunchScreenViewController.swift in Sources */,
				0E49C6C32922455D004E7875 /* oftenStudyCell.swift in Sources */,
				0E4F6328291D1E4B00F36167 /* GenderViewController.swift in Sources */,
				0E4F62F0291C248300F36167 /* Transition+Extension.swift in Sources */,
				0E5095932918F6B40038B429 /* SecondViewController.swift in Sources */,
				0E4F630D291CFF1D00F36167 /* VerifyNumberViewController.swift in Sources */,
				0E49C6BF292244F1004E7875 /* ageRangeCell.swift in Sources */,
				0E49C71829252F91004E7875 /* CollapsibleTableViewHeader.swift in Sources */,
				0E50958F2918F5150038B429 /* BaseTableViewCell.swift in Sources */,
				0E49C6BD292244DE004E7875 /* withdrawCell.swift in Sources */,
				0E4F632F291D6DAE00F36167 /* InputDateView.swift in Sources */,
				0E5095952918F6BD0038B429 /* ThirdViewController.swift in Sources */,
				0E4F632A291D1E5900F36167 /* GenderView.swift in Sources */,
				0E4F633A291E91ED00F36167 /* MainViewController.swift in Sources */,
				0E4F6311291CFF4200F36167 /* VerifyNumberViewModel.swift in Sources */,
				0E4F6336291D7D7900F36167 /* CommonViewModel.swift in Sources */,
				0E46E2AF29288C390058A50E /* SearchResultViewController.swift in Sources */,
				0E49C6C529224566004E7875 /* genderCell.swift in Sources */,
				0E4F6326291D199700F36167 /* EmailViewModel.swift in Sources */,
				0E5095882918F27F0038B429 /* BaseViewController.swift in Sources */,
				0E1411072918EBF90040BD85 /* ReusableProtocol.swift in Sources */,
				0E1410E82918D63E0040BD85 /* AppDelegate.swift in Sources */,
				0EA6A9F52920A28300F71EC6 /* UserInfoDTO.swift in Sources */,
				0E1410EA2918D63E0040BD85 /* SceneDelegate.swift in Sources */,
				0E49C6DC2922C48E004E7875 /* profileCell.swift in Sources */,
				0EF3751029261E4E0074FC64 /* WithdrawViewController.swift in Sources */,
				0EA6A9FD29216B6A00F71EC6 /* ShopViewController.swift in Sources */,
				0E49C6C12922454A004E7875 /* pnumPermitCell.swift in Sources */,
				0E4F6315291D0D2F00F36167 /* NickNameView.swift in Sources */,
				0E49C6D229228559004E7875 /* ThumbButton.swift in Sources */,
				0E50958A2918F4CC0038B429 /* BaseView.swift in Sources */,
				0E4F630F291CFF3900F36167 /* VerifyNumberView.swift in Sources */,
				0EA6A9E8291F9D2B00F71EC6 /* Network.swift in Sources */,
				0E5095C9291AA6720038B429 /* PhoneNumberViewController.swift in Sources */,
				0E49C6D82922A926004E7875 /* MyProfileInfoCell.swift in Sources */,
				0EA6A9EA291F9D4900F71EC6 /* LoginError.swift in Sources */,
				0EA6A9EF291FDE7600F71EC6 /* Date+Extension.swift in Sources */,
				0EA6A9F92921625B00F71EC6 /* TabBarController.swift in Sources */,
				0EA6AA0329216C2200F71EC6 /* MyInfoViewController.swift in Sources */,
				0E4F62F9291C2A9500F36167 /* PhoneNumberView.swift in Sources */,
				0E5095912918F5C50038B429 /* BaseCollectionViewCell.swift in Sources */,
				0EA6AA082921757F00F71EC6 /* InfoManageViewController.swift in Sources */,
				0E1411052918DD9A0040BD85 /* ColorPalette.swift in Sources */,
				0E4F6317291D0D3900F36167 /* NickNameViewModel.swift in Sources */,
				0E5095C4291A591A0038B429 /* OnBoardingViewController.swift in Sources */,
				0E4F631C291D121000F36167 /* BirthdayView.swift in Sources */,
				0E5095CE291AAE380038B429 /* SplashContent.swift in Sources */,
				0E4F6322291D192000F36167 /* EmailViewController.swift in Sources */,
				0E49C6B82922298D004E7875 /* MyInfoCell.swift in Sources */,
				0E5095CB291AA8BD0038B429 /* SplashView.swift in Sources */,
			);
			runOnlyForDeploymentPostprocessing = 0;
		};
/* End PBXSourcesBuildPhase section */

/* Begin PBXVariantGroup section */
		0E1410ED2918D63E0040BD85 /* Main.storyboard */ = {
			isa = PBXVariantGroup;
			children = (
				0E1410EE2918D63E0040BD85 /* Base */,
			);
			name = Main.storyboard;
			sourceTree = "<group>";
		};
		0E1410F22918D6400040BD85 /* LaunchScreen.storyboard */ = {
			isa = PBXVariantGroup;
			children = (
				0E1410F32918D6400040BD85 /* Base */,
			);
			name = LaunchScreen.storyboard;
			sourceTree = "<group>";
		};
/* End PBXVariantGroup section */

/* Begin XCBuildConfiguration section */
		0E1410F62918D6400040BD85 /* Debug */ = {
			isa = XCBuildConfiguration;
			buildSettings = {
				ALWAYS_SEARCH_USER_PATHS = NO;
				CLANG_ANALYZER_NONNULL = YES;
				CLANG_ANALYZER_NUMBER_OBJECT_CONVERSION = YES_AGGRESSIVE;
				CLANG_CXX_LANGUAGE_STANDARD = "gnu++20";
				CLANG_ENABLE_MODULES = YES;
				CLANG_ENABLE_OBJC_ARC = YES;
				CLANG_ENABLE_OBJC_WEAK = YES;
				CLANG_WARN_BLOCK_CAPTURE_AUTORELEASING = YES;
				CLANG_WARN_BOOL_CONVERSION = YES;
				CLANG_WARN_COMMA = YES;
				CLANG_WARN_CONSTANT_CONVERSION = YES;
				CLANG_WARN_DEPRECATED_OBJC_IMPLEMENTATIONS = YES;
				CLANG_WARN_DIRECT_OBJC_ISA_USAGE = YES_ERROR;
				CLANG_WARN_DOCUMENTATION_COMMENTS = YES;
				CLANG_WARN_EMPTY_BODY = YES;
				CLANG_WARN_ENUM_CONVERSION = YES;
				CLANG_WARN_INFINITE_RECURSION = YES;
				CLANG_WARN_INT_CONVERSION = YES;
				CLANG_WARN_NON_LITERAL_NULL_CONVERSION = YES;
				CLANG_WARN_OBJC_IMPLICIT_RETAIN_SELF = YES;
				CLANG_WARN_OBJC_LITERAL_CONVERSION = YES;
				CLANG_WARN_OBJC_ROOT_CLASS = YES_ERROR;
				CLANG_WARN_QUOTED_INCLUDE_IN_FRAMEWORK_HEADER = YES;
				CLANG_WARN_RANGE_LOOP_ANALYSIS = YES;
				CLANG_WARN_STRICT_PROTOTYPES = YES;
				CLANG_WARN_SUSPICIOUS_MOVE = YES;
				CLANG_WARN_UNGUARDED_AVAILABILITY = YES_AGGRESSIVE;
				CLANG_WARN_UNREACHABLE_CODE = YES;
				CLANG_WARN__DUPLICATE_METHOD_MATCH = YES;
				COPY_PHASE_STRIP = NO;
				DEBUG_INFORMATION_FORMAT = dwarf;
				ENABLE_STRICT_OBJC_MSGSEND = YES;
				ENABLE_TESTABILITY = YES;
				GCC_C_LANGUAGE_STANDARD = gnu11;
				GCC_DYNAMIC_NO_PIC = NO;
				GCC_NO_COMMON_BLOCKS = YES;
				GCC_OPTIMIZATION_LEVEL = 0;
				GCC_PREPROCESSOR_DEFINITIONS = (
					"DEBUG=1",
					"$(inherited)",
				);
				GCC_WARN_64_TO_32_BIT_CONVERSION = YES;
				GCC_WARN_ABOUT_RETURN_TYPE = YES_ERROR;
				GCC_WARN_UNDECLARED_SELECTOR = YES;
				GCC_WARN_UNINITIALIZED_AUTOS = YES_AGGRESSIVE;
				GCC_WARN_UNUSED_FUNCTION = YES;
				GCC_WARN_UNUSED_VARIABLE = YES;
				IPHONEOS_DEPLOYMENT_TARGET = 15.0;
				MTL_ENABLE_DEBUG_INFO = INCLUDE_SOURCE;
				MTL_FAST_MATH = YES;
				ONLY_ACTIVE_ARCH = YES;
				SDKROOT = iphoneos;
				SWIFT_ACTIVE_COMPILATION_CONDITIONS = DEBUG;
				SWIFT_OPTIMIZATION_LEVEL = "-Onone";
			};
			name = Debug;
		};
		0E1410F72918D6400040BD85 /* Release */ = {
			isa = XCBuildConfiguration;
			buildSettings = {
				ALWAYS_SEARCH_USER_PATHS = NO;
				CLANG_ANALYZER_NONNULL = YES;
				CLANG_ANALYZER_NUMBER_OBJECT_CONVERSION = YES_AGGRESSIVE;
				CLANG_CXX_LANGUAGE_STANDARD = "gnu++20";
				CLANG_ENABLE_MODULES = YES;
				CLANG_ENABLE_OBJC_ARC = YES;
				CLANG_ENABLE_OBJC_WEAK = YES;
				CLANG_WARN_BLOCK_CAPTURE_AUTORELEASING = YES;
				CLANG_WARN_BOOL_CONVERSION = YES;
				CLANG_WARN_COMMA = YES;
				CLANG_WARN_CONSTANT_CONVERSION = YES;
				CLANG_WARN_DEPRECATED_OBJC_IMPLEMENTATIONS = YES;
				CLANG_WARN_DIRECT_OBJC_ISA_USAGE = YES_ERROR;
				CLANG_WARN_DOCUMENTATION_COMMENTS = YES;
				CLANG_WARN_EMPTY_BODY = YES;
				CLANG_WARN_ENUM_CONVERSION = YES;
				CLANG_WARN_INFINITE_RECURSION = YES;
				CLANG_WARN_INT_CONVERSION = YES;
				CLANG_WARN_NON_LITERAL_NULL_CONVERSION = YES;
				CLANG_WARN_OBJC_IMPLICIT_RETAIN_SELF = YES;
				CLANG_WARN_OBJC_LITERAL_CONVERSION = YES;
				CLANG_WARN_OBJC_ROOT_CLASS = YES_ERROR;
				CLANG_WARN_QUOTED_INCLUDE_IN_FRAMEWORK_HEADER = YES;
				CLANG_WARN_RANGE_LOOP_ANALYSIS = YES;
				CLANG_WARN_STRICT_PROTOTYPES = YES;
				CLANG_WARN_SUSPICIOUS_MOVE = YES;
				CLANG_WARN_UNGUARDED_AVAILABILITY = YES_AGGRESSIVE;
				CLANG_WARN_UNREACHABLE_CODE = YES;
				CLANG_WARN__DUPLICATE_METHOD_MATCH = YES;
				COPY_PHASE_STRIP = NO;
				DEBUG_INFORMATION_FORMAT = "dwarf-with-dsym";
				ENABLE_NS_ASSERTIONS = NO;
				ENABLE_STRICT_OBJC_MSGSEND = YES;
				GCC_C_LANGUAGE_STANDARD = gnu11;
				GCC_NO_COMMON_BLOCKS = YES;
				GCC_WARN_64_TO_32_BIT_CONVERSION = YES;
				GCC_WARN_ABOUT_RETURN_TYPE = YES_ERROR;
				GCC_WARN_UNDECLARED_SELECTOR = YES;
				GCC_WARN_UNINITIALIZED_AUTOS = YES_AGGRESSIVE;
				GCC_WARN_UNUSED_FUNCTION = YES;
				GCC_WARN_UNUSED_VARIABLE = YES;
				IPHONEOS_DEPLOYMENT_TARGET = 15.0;
				MTL_ENABLE_DEBUG_INFO = NO;
				MTL_FAST_MATH = YES;
				SDKROOT = iphoneos;
				SWIFT_COMPILATION_MODE = wholemodule;
				SWIFT_OPTIMIZATION_LEVEL = "-O";
				VALIDATE_PRODUCT = YES;
			};
			name = Release;
		};
		0E1410F92918D6400040BD85 /* Debug */ = {
			isa = XCBuildConfiguration;
			buildSettings = {
				ASSETCATALOG_COMPILER_APPICON_NAME = AppIcon;
				ASSETCATALOG_COMPILER_GLOBAL_ACCENT_COLOR_NAME = AccentColor;
				CODE_SIGN_ENTITLEMENTS = SeSACStudyRecruitSLP/SeSACStudyRecruitSLP.entitlements;
				CODE_SIGN_STYLE = Automatic;
				CURRENT_PROJECT_VERSION = 1;
				DEVELOPMENT_TEAM = U8U4L6FXAF;
				GENERATE_INFOPLIST_FILE = YES;
				INFOPLIST_FILE = SeSACStudyRecruitSLP/Info.plist;
				INFOPLIST_KEY_UIApplicationSupportsIndirectInputEvents = YES;
				INFOPLIST_KEY_UILaunchStoryboardName = LaunchScreen;
				INFOPLIST_KEY_UIMainStoryboardFile = Main;
				INFOPLIST_KEY_UISupportedInterfaceOrientations = UIInterfaceOrientationPortrait;
				INFOPLIST_KEY_UISupportedInterfaceOrientations_iPad = UIInterfaceOrientationPortrait;
				INFOPLIST_KEY_UISupportedInterfaceOrientations_iPhone = UIInterfaceOrientationPortrait;
				INFOPLIST_KEY_UIUserInterfaceStyle = Light;
				IPHONEOS_DEPLOYMENT_TARGET = 15.0;
				LD_RUNPATH_SEARCH_PATHS = (
					"$(inherited)",
					"@executable_path/Frameworks",
				);
				MARKETING_VERSION = 1.0;
				PRODUCT_BUNDLE_IDENTIFIER = com.memolease.sesacslp;
				PRODUCT_NAME = "$(TARGET_NAME)";
				SWIFT_EMIT_LOC_STRINGS = YES;
				SWIFT_VERSION = 5.0;
				TARGETED_DEVICE_FAMILY = "1,2";
			};
			name = Debug;
		};
		0E1410FA2918D6400040BD85 /* Release */ = {
			isa = XCBuildConfiguration;
			buildSettings = {
				ASSETCATALOG_COMPILER_APPICON_NAME = AppIcon;
				ASSETCATALOG_COMPILER_GLOBAL_ACCENT_COLOR_NAME = AccentColor;
				CODE_SIGN_ENTITLEMENTS = SeSACStudyRecruitSLP/SeSACStudyRecruitSLP.entitlements;
				CODE_SIGN_STYLE = Automatic;
				CURRENT_PROJECT_VERSION = 1;
				DEVELOPMENT_TEAM = U8U4L6FXAF;
				GENERATE_INFOPLIST_FILE = YES;
				INFOPLIST_FILE = SeSACStudyRecruitSLP/Info.plist;
				INFOPLIST_KEY_UIApplicationSupportsIndirectInputEvents = YES;
				INFOPLIST_KEY_UILaunchStoryboardName = LaunchScreen;
				INFOPLIST_KEY_UIMainStoryboardFile = Main;
				INFOPLIST_KEY_UISupportedInterfaceOrientations = UIInterfaceOrientationPortrait;
				INFOPLIST_KEY_UISupportedInterfaceOrientations_iPad = UIInterfaceOrientationPortrait;
				INFOPLIST_KEY_UISupportedInterfaceOrientations_iPhone = UIInterfaceOrientationPortrait;
				INFOPLIST_KEY_UIUserInterfaceStyle = Light;
				IPHONEOS_DEPLOYMENT_TARGET = 15.0;
				LD_RUNPATH_SEARCH_PATHS = (
					"$(inherited)",
					"@executable_path/Frameworks",
				);
				MARKETING_VERSION = 1.0;
				PRODUCT_BUNDLE_IDENTIFIER = com.memolease.sesacslp;
				PRODUCT_NAME = "$(TARGET_NAME)";
				SWIFT_EMIT_LOC_STRINGS = YES;
				SWIFT_VERSION = 5.0;
				TARGETED_DEVICE_FAMILY = "1,2";
			};
			name = Release;
		};
/* End XCBuildConfiguration section */

/* Begin XCConfigurationList section */
		0E1410DF2918D63E0040BD85 /* Build configuration list for PBXProject "SeSACStudyRecruitSLP" */ = {
			isa = XCConfigurationList;
			buildConfigurations = (
				0E1410F62918D6400040BD85 /* Debug */,
				0E1410F72918D6400040BD85 /* Release */,
			);
			defaultConfigurationIsVisible = 0;
			defaultConfigurationName = Release;
		};
		0E1410F82918D6400040BD85 /* Build configuration list for PBXNativeTarget "SeSACStudyRecruitSLP" */ = {
			isa = XCConfigurationList;
			buildConfigurations = (
				0E1410F92918D6400040BD85 /* Debug */,
				0E1410FA2918D6400040BD85 /* Release */,
			);
			defaultConfigurationIsVisible = 0;
			defaultConfigurationName = Release;
		};
/* End XCConfigurationList section */

/* Begin XCRemoteSwiftPackageReference section */
		0E46E2B029288D3B0058A50E /* XCRemoteSwiftPackageReference "Tabman" */ = {
			isa = XCRemoteSwiftPackageReference;
			repositoryURL = "https://github.com/uias/Tabman.git";
			requirement = {
				kind = upToNextMajorVersion;
				minimumVersion = 3.0.0;
			};
		};
		0E49C6C7292280E2004E7875 /* XCRemoteSwiftPackageReference "MultiSlider" */ = {
			isa = XCRemoteSwiftPackageReference;
			repositoryURL = "https://github.com/yonat/MultiSlider.git";
			requirement = {
				kind = upToNextMajorVersion;
				minimumVersion = 1.0.0;
			};
		};
		0E4F62F1291C276500F36167 /* XCRemoteSwiftPackageReference "RxSwift" */ = {
			isa = XCRemoteSwiftPackageReference;
			repositoryURL = "https://github.com/ReactiveX/RxSwift.git";
			requirement = {
				kind = upToNextMajorVersion;
				minimumVersion = 6.0.0;
			};
		};
		0E4F62FF291CE00700F36167 /* XCRemoteSwiftPackageReference "firebase-ios-sdk" */ = {
			isa = XCRemoteSwiftPackageReference;
			repositoryURL = "https://github.com/firebase/firebase-ios-sdk";
			requirement = {
				kind = upToNextMajorVersion;
				minimumVersion = 9.0.0;
			};
		};
		0E4F6332291D7B9900F36167 /* XCRemoteSwiftPackageReference "Toast-Swift" */ = {
			isa = XCRemoteSwiftPackageReference;
			repositoryURL = "https://github.com/scalessec/Toast-Swift";
			requirement = {
				kind = upToNextMajorVersion;
				minimumVersion = 5.0.0;
			};
		};
		0E50958B2918F4F00038B429 /* XCRemoteSwiftPackageReference "SnapKit" */ = {
			isa = XCRemoteSwiftPackageReference;
			repositoryURL = "https://github.com/SnapKit/SnapKit.git";
			requirement = {
				kind = upToNextMajorVersion;
				minimumVersion = 5.0.0;
			};
		};
		0EA6A9EB291F9D8100F71EC6 /* XCRemoteSwiftPackageReference "Alamofire" */ = {
			isa = XCRemoteSwiftPackageReference;
			repositoryURL = "https://github.com/Alamofire/Alamofire.git";
			requirement = {
				kind = upToNextMajorVersion;
				minimumVersion = 5.0.0;
			};
		};
		0EA6AA0429216FA800F71EC6 /* XCRemoteSwiftPackageReference "IQKeyboardManager" */ = {
			isa = XCRemoteSwiftPackageReference;
			repositoryURL = "https://github.com/hackiftekhar/IQKeyboardManager.git";
			requirement = {
				kind = exactVersion;
				version = 6.5.0;
			};
		};
/* End XCRemoteSwiftPackageReference section */

/* Begin XCSwiftPackageProductDependency section */
		0E46E2B129288D3B0058A50E /* Tabman */ = {
			isa = XCSwiftPackageProductDependency;
			package = 0E46E2B029288D3B0058A50E /* XCRemoteSwiftPackageReference "Tabman" */;
			productName = Tabman;
		};
		0E49C6C8292280E2004E7875 /* MultiSlider */ = {
			isa = XCSwiftPackageProductDependency;
			package = 0E49C6C7292280E2004E7875 /* XCRemoteSwiftPackageReference "MultiSlider" */;
			productName = MultiSlider;
		};
		0E4F62F2291C276500F36167 /* RxCocoa */ = {
			isa = XCSwiftPackageProductDependency;
			package = 0E4F62F1291C276500F36167 /* XCRemoteSwiftPackageReference "RxSwift" */;
			productName = RxCocoa;
		};
		0E4F62F4291C276500F36167 /* RxRelay */ = {
			isa = XCSwiftPackageProductDependency;
			package = 0E4F62F1291C276500F36167 /* XCRemoteSwiftPackageReference "RxSwift" */;
			productName = RxRelay;
		};
		0E4F62F6291C276500F36167 /* RxSwift */ = {
			isa = XCSwiftPackageProductDependency;
			package = 0E4F62F1291C276500F36167 /* XCRemoteSwiftPackageReference "RxSwift" */;
			productName = RxSwift;
		};
		0E4F6300291CE00700F36167 /* FirebaseAnalyticsWithoutAdIdSupport */ = {
			isa = XCSwiftPackageProductDependency;
			package = 0E4F62FF291CE00700F36167 /* XCRemoteSwiftPackageReference "firebase-ios-sdk" */;
			productName = FirebaseAnalyticsWithoutAdIdSupport;
		};
		0E4F6302291CE00700F36167 /* FirebaseAuth */ = {
			isa = XCSwiftPackageProductDependency;
			package = 0E4F62FF291CE00700F36167 /* XCRemoteSwiftPackageReference "firebase-ios-sdk" */;
			productName = FirebaseAuth;
		};
		0E4F6304291CE00700F36167 /* FirebaseCrashlytics */ = {
			isa = XCSwiftPackageProductDependency;
			package = 0E4F62FF291CE00700F36167 /* XCRemoteSwiftPackageReference "firebase-ios-sdk" */;
			productName = FirebaseCrashlytics;
		};
		0E4F6306291CE00700F36167 /* FirebaseMessaging */ = {
			isa = XCSwiftPackageProductDependency;
			package = 0E4F62FF291CE00700F36167 /* XCRemoteSwiftPackageReference "firebase-ios-sdk" */;
			productName = FirebaseMessaging;
		};
		0E4F6333291D7B9900F36167 /* Toast */ = {
			isa = XCSwiftPackageProductDependency;
			package = 0E4F6332291D7B9900F36167 /* XCRemoteSwiftPackageReference "Toast-Swift" */;
			productName = Toast;
		};
		0E50958C2918F4F00038B429 /* SnapKit */ = {
			isa = XCSwiftPackageProductDependency;
			package = 0E50958B2918F4F00038B429 /* XCRemoteSwiftPackageReference "SnapKit" */;
			productName = SnapKit;
		};
		0EA6A9EC291F9D8200F71EC6 /* Alamofire */ = {
			isa = XCSwiftPackageProductDependency;
			package = 0EA6A9EB291F9D8100F71EC6 /* XCRemoteSwiftPackageReference "Alamofire" */;
			productName = Alamofire;
		};
		0EA6AA0529216FA800F71EC6 /* IQKeyboardManagerSwift */ = {
			isa = XCSwiftPackageProductDependency;
			package = 0EA6AA0429216FA800F71EC6 /* XCRemoteSwiftPackageReference "IQKeyboardManager" */;
			productName = IQKeyboardManagerSwift;
		};
/* End XCSwiftPackageProductDependency section */
	};
	rootObject = 0E1410DC2918D63E0040BD85 /* Project object */;
}
